// !$*UTF8*$!
{
	archiveVersion = 1;
	classes = {
	};
	objectVersion = 52;
	objects = {

/* Begin PBXBuildFile section */
		220B851026AC819A00081536 /* KeyboardViewController.swift in Sources */ = {isa = PBXBuildFile; fileRef = 220B850F26AC819A00081536 /* KeyboardViewController.swift */; };
		220B851226AC844D00081536 /* DrawableMarkdownViewController.swift in Sources */ = {isa = PBXBuildFile; fileRef = 220B851126AC844D00081536 /* DrawableMarkdownViewController.swift */; };
		220B851426AC898C00081536 /* KeyboardViewController.ObserveTyping.swift in Sources */ = {isa = PBXBuildFile; fileRef = 220B851326AC898C00081536 /* KeyboardViewController.ObserveTyping.swift */; };
		220B851626AC8AA200081536 /* DrawableMarkdownViewController.ObserveTyping.swift in Sources */ = {isa = PBXBuildFile; fileRef = 220B851526AC8AA200081536 /* DrawableMarkdownViewController.ObserveTyping.swift */; };
		220B851926AC8BBD00081536 /* PMViewController.swift in Sources */ = {isa = PBXBuildFile; fileRef = 220B851826AC8BBD00081536 /* PMViewController.swift */; };
		220B851B26AC8C8B00081536 /* UIViewController.adopt.swift in Sources */ = {isa = PBXBuildFile; fileRef = 220B851A26AC8C8B00081536 /* UIViewController.adopt.swift */; };
		220B852126AC90FC00081536 /* KeyboardViewController.ObserveStrokes.swift in Sources */ = {isa = PBXBuildFile; fileRef = 220B852026AC90FC00081536 /* KeyboardViewController.ObserveStrokes.swift */; };
		220B852326AC973700081536 /* KeyboardViewController_UITextViewDelegate.swift in Sources */ = {isa = PBXBuildFile; fileRef = 220B852226AC973700081536 /* KeyboardViewController_UITextViewDelegate.swift */; };
		220B852526AC978200081536 /* KeyboardViewController.ObserveTouches.swift in Sources */ = {isa = PBXBuildFile; fileRef = 220B852426AC978200081536 /* KeyboardViewController.ObserveTouches.swift */; };
		220B852826AC990200081536 /* PMTextView.swift in Sources */ = {isa = PBXBuildFile; fileRef = 220B852726AC990200081536 /* PMTextView.swift */; };
		220B852A26AC998C00081536 /* KeyboardViewController.ObserveCommands.swift in Sources */ = {isa = PBXBuildFile; fileRef = 220B852926AC998C00081536 /* KeyboardViewController.ObserveCommands.swift */; };
		220B852D26AC9AC000081536 /* CanvasViewController.swift in Sources */ = {isa = PBXBuildFile; fileRef = 220B852C26AC9AC000081536 /* CanvasViewController.swift */; };
		220B852F26AC9C1C00081536 /* CanvasViewController.ObserveSize.swift in Sources */ = {isa = PBXBuildFile; fileRef = 220B852E26AC9C1C00081536 /* CanvasViewController.ObserveSize.swift */; };
		220B853126AC9C5C00081536 /* CanvasViewController_PKCanvasViewDelegate.swift in Sources */ = {isa = PBXBuildFile; fileRef = 220B853026AC9C5C00081536 /* CanvasViewController_PKCanvasViewDelegate.swift */; };
		220B853326AC9CAB00081536 /* CanvasViewController_UIScrollViewDelegate.swift in Sources */ = {isa = PBXBuildFile; fileRef = 220B853226AC9CAB00081536 /* CanvasViewController_UIScrollViewDelegate.swift */; };
		2214E13C269CAC3B0046EF32 /* String_Subscript.swift in Sources */ = {isa = PBXBuildFile; fileRef = 2214E13B269CAC3B0046EF32 /* String_Subscript.swift */; };
		2215B88526AD13CB00D2A0AE /* PMAST in Frameworks */ = {isa = PBXBuildFile; productRef = 2215B88426AD13CB00D2A0AE /* PMAST */; };
		2215B88726AD9E0600D2A0AE /* TextDocumentError.swift in Sources */ = {isa = PBXBuildFile; fileRef = 2215B88626AD9E0600D2A0AE /* TextDocumentError.swift */; };
		2215B88926ADB27600D2A0AE /* NoDocumentView.swift in Sources */ = {isa = PBXBuildFile; fileRef = 2215B88826ADB27600D2A0AE /* NoDocumentView.swift */; };
		2228356D26C49D030026D468 /* VideoViewController.swift in Sources */ = {isa = PBXBuildFile; fileRef = 2228356C26C49C960026D468 /* VideoViewController.swift */; };
		2228357426C4A8BD0026D468 /* Tool.swift in Sources */ = {isa = PBXBuildFile; fileRef = 2228357326C4A8BD0026D468 /* Tool.swift */; };
		2228357626C6F3E90026D468 /* SplitConduit.swift in Sources */ = {isa = PBXBuildFile; fileRef = 2228357526C6F3E90026D468 /* SplitConduit.swift */; };
		2228357826C7283A0026D468 /* Strike.mp4 in Resources */ = {isa = PBXBuildFile; fileRef = 2228357726C728340026D468 /* Strike.mp4 */; };
		2228357B26C72A810026D468 /* Example.mp4 in Resources */ = {isa = PBXBuildFile; fileRef = 2228357A26C72A810026D468 /* Example.mp4 */; };
		2228357D26C733A50026D468 /* Scribble.mp4 in Resources */ = {isa = PBXBuildFile; fileRef = 2228357C26C733370026D468 /* Scribble.mp4 */; };
		2228359F26C8A4A40026D468 /* DrawableMarkdownViewController.restoreState.swift in Sources */ = {isa = PBXBuildFile; fileRef = 2228359E26C8A4A40026D468 /* DrawableMarkdownViewController.restoreState.swift */; };
		222835A126C8A4E70026D468 /* DrawableMarkdownViewController.Document.swift in Sources */ = {isa = PBXBuildFile; fileRef = 222835A026C8A4E70026D468 /* DrawableMarkdownViewController.Document.swift */; };
		222835A326C8A53E0026D468 /* DrawableMarkdownViewController.Buttons.swift in Sources */ = {isa = PBXBuildFile; fileRef = 222835A226C8A53E0026D468 /* DrawableMarkdownViewController.Buttons.swift */; };
		222835A526C994EE0026D468 /* DrawableMarkdownViewController.Toolbar.swift in Sources */ = {isa = PBXBuildFile; fileRef = 222835A426C994EE0026D468 /* DrawableMarkdownViewController.Toolbar.swift */; };
		225D7AFD26C30FDB0005A543 /* TutorialMenuViewController.swift in Sources */ = {isa = PBXBuildFile; fileRef = 225D7AFC26C30FA40005A543 /* TutorialMenuViewController.swift */; };
		229B6D0126B460FA0096FE45 /* UIFont.dynamicSize.swift in Sources */ = {isa = PBXBuildFile; fileRef = 229B6D0026B460FA0096FE45 /* UIFont.dynamicSize.swift */; };
		229B6D0326B467D10096FE45 /* CanvasViewController.UndoManager.swift in Sources */ = {isa = PBXBuildFile; fileRef = 229B6D0226B467D10096FE45 /* CanvasViewController.UndoManager.swift */; };
		229B6D0526B754A90096FE45 /* UIBarButtonItem.menuButton.swift in Sources */ = {isa = PBXBuildFile; fileRef = 229B6D0426B754A90096FE45 /* UIBarButtonItem.menuButton.swift */; };
		229B6D0926B776120096FE45 /* ViewController_UIStateRestoring.swift in Sources */ = {isa = PBXBuildFile; fileRef = 229B6D0826B776120096FE45 /* ViewController_UIStateRestoring.swift */; };
		229B6D0B26B7765C0096FE45 /* ViewController_UISplitViewControllerDelegate.swift in Sources */ = {isa = PBXBuildFile; fileRef = 229B6D0A26B7765C0096FE45 /* ViewController_UISplitViewControllerDelegate.swift */; };
		229B6D0D26B7782F0096FE45 /* SceneDelegate_StateRestoration.swift in Sources */ = {isa = PBXBuildFile; fileRef = 229B6D0C26B7782F0096FE45 /* SceneDelegate_StateRestoration.swift */; };
		229B6D0F26B8CE6B0096FE45 /* DrawableMarkdownViewController.willEnterBackground.swift in Sources */ = {isa = PBXBuildFile; fileRef = 229B6D0E26B8CE6B0096FE45 /* DrawableMarkdownViewController.willEnterBackground.swift */; };
		229B6D1226B97D8C0096FE45 /* ActivityType.swift in Sources */ = {isa = PBXBuildFile; fileRef = 229B6D1126B97D8C0096FE45 /* ActivityType.swift */; };
		229B6D1426B97DB30096FE45 /* ActivityInfo.swift in Sources */ = {isa = PBXBuildFile; fileRef = 229B6D1326B97DB30096FE45 /* ActivityInfo.swift */; };
		229B6D1626B980100096FE45 /* StateModel.swift in Sources */ = {isa = PBXBuildFile; fileRef = 229B6D1526B980100096FE45 /* StateModel.swift */; };
		22AF74BE269BA5F2007D9891 /* Assets.xcassets in Resources */ = {isa = PBXBuildFile; fileRef = 22AF74BD269BA5F2007D9891 /* Assets.xcassets */; };
		22AF74C1269BA5F2007D9891 /* Preview Assets.xcassets in Resources */ = {isa = PBXBuildFile; fileRef = 22AF74C0269BA5F2007D9891 /* Preview Assets.xcassets */; };
		22AF74D3269BABA1007D9891 /* StrokeConduit.swift in Sources */ = {isa = PBXBuildFile; fileRef = 22AF74D2269BABA1007D9891 /* StrokeConduit.swift */; };
		22AF74D9269BAC37007D9891 /* PKStroke_Init.swift in Sources */ = {isa = PBXBuildFile; fileRef = 22AF74D8269BAC37007D9891 /* PKStroke_Init.swift */; };
		22AF74DB269BAC64007D9891 /* PKStrokePoint_Init.swift in Sources */ = {isa = PBXBuildFile; fileRef = 22AF74DA269BAC64007D9891 /* PKStrokePoint_Init.swift */; };
		22C035C526B1AFE20027D3EE /* RefreshablePlaceholderViewController.swift in Sources */ = {isa = PBXBuildFile; fileRef = 22C035C426B1AFE20027D3EE /* RefreshablePlaceholderViewController.swift */; };
		22C767BD26CB39EA000BAD55 /* Tutorial.swift in Sources */ = {isa = PBXBuildFile; fileRef = 22C767BC26CB39EA000BAD55 /* Tutorial.swift */; };
		22C767BF26CB3AA8000BAD55 /* Tool.Pencil.swift in Sources */ = {isa = PBXBuildFile; fileRef = 22C767BE26CB3AA8000BAD55 /* Tool.Pencil.swift */; };
		22C767C126CB3ADA000BAD55 /* Tool.Eraser.swift in Sources */ = {isa = PBXBuildFile; fileRef = 22C767C026CB3ADA000BAD55 /* Tool.Eraser.swift */; };
		22C767C326CB612A000BAD55 /* KeyboardViewController.ObserveEraser.swift in Sources */ = {isa = PBXBuildFile; fileRef = 22C767C226CB612A000BAD55 /* KeyboardViewController.ObserveEraser.swift */; };
		22C9F5D226AB9215003FD426 /* AppDelegate.swift in Sources */ = {isa = PBXBuildFile; fileRef = 22C9F5D126AB9215003FD426 /* AppDelegate.swift */; };
		22C9F5D426AB92D5003FD426 /* SceneDelegate.swift in Sources */ = {isa = PBXBuildFile; fileRef = 22C9F5D326AB92D5003FD426 /* SceneDelegate.swift */; };
		22C9F5D826AB934B003FD426 /* Main.storyboard in Resources */ = {isa = PBXBuildFile; fileRef = 22C9F5D726AB934B003FD426 /* Main.storyboard */; };
		22C9F5DA26AB98AD003FD426 /* ViewController.swift in Sources */ = {isa = PBXBuildFile; fileRef = 22C9F5D926AB98AD003FD426 /* ViewController.swift */; };
		22C9F5E126AB99BE003FD426 /* DocumentSelectionDelegate.swift in Sources */ = {isa = PBXBuildFile; fileRef = 22C9F5DE26AB99BE003FD426 /* DocumentSelectionDelegate.swift */; };
		22C9F5E426AB99F1003FD426 /* URL.isDirectory.swift in Sources */ = {isa = PBXBuildFile; fileRef = 22C9F5E326AB99F1003FD426 /* URL.isDirectory.swift */; };
		22C9F5E626AB9A27003FD426 /* Constants.swift in Sources */ = {isa = PBXBuildFile; fileRef = 22C9F5E526AB9A27003FD426 /* Constants.swift */; };
		22C9F5EF26AB9A57003FD426 /* FolderViewController.swift in Sources */ = {isa = PBXBuildFile; fileRef = 22C9F5E826AB9A56003FD426 /* FolderViewController.swift */; };
		22C9F5F026AB9A57003FD426 /* FilesViewController.swift in Sources */ = {isa = PBXBuildFile; fileRef = 22C9F5E926AB9A56003FD426 /* FilesViewController.swift */; };
		22C9F5F126AB9A57003FD426 /* FilesView.swift in Sources */ = {isa = PBXBuildFile; fileRef = 22C9F5EA26AB9A56003FD426 /* FilesView.swift */; };
		22C9F5F226AB9A57003FD426 /* FilesViewController_UITableViewDataSource.swift in Sources */ = {isa = PBXBuildFile; fileRef = 22C9F5EB26AB9A56003FD426 /* FilesViewController_UITableViewDataSource.swift */; };
		22C9F5F326AB9A57003FD426 /* iCloudBrokenView.swift in Sources */ = {isa = PBXBuildFile; fileRef = 22C9F5EC26AB9A56003FD426 /* iCloudBrokenView.swift */; };
		22C9F5F426AB9A57003FD426 /* EmptyFolderView.swift in Sources */ = {isa = PBXBuildFile; fileRef = 22C9F5ED26AB9A57003FD426 /* EmptyFolderView.swift */; };
		22C9F5F526AB9A57003FD426 /* FilesViewController.Refresh.swift in Sources */ = {isa = PBXBuildFile; fileRef = 22C9F5EE26AB9A57003FD426 /* FilesViewController.Refresh.swift */; };
		22C9F5F726AB9AC2003FD426 /* FileBrowserViewController.swift in Sources */ = {isa = PBXBuildFile; fileRef = 22C9F5F626AB9AC2003FD426 /* FileBrowserViewController.swift */; };
		22C9F5FF26ABA27F003FD426 /* StyledMarkdownDocument.swift in Sources */ = {isa = PBXBuildFile; fileRef = 22C9F5FE26ABA27F003FD426 /* StyledMarkdownDocument.swift */; };
		22CA376426A0C4B200E95009 /* PMShape.swift in Sources */ = {isa = PBXBuildFile; fileRef = 22CA376326A0C4B200E95009 /* PMShape.swift */; };
		22CA376626A0C52000E95009 /* Interpret.swift in Sources */ = {isa = PBXBuildFile; fileRef = 22CA376526A0C52000E95009 /* Interpret.swift */; };
		22CA376826A0C58D00E95009 /* ThreePointAngle.swift in Sources */ = {isa = PBXBuildFile; fileRef = 22CA376726A0C58D00E95009 /* ThreePointAngle.swift */; };
		22CA376A26A0C86400E95009 /* StraightLine.swift in Sources */ = {isa = PBXBuildFile; fileRef = 22CA376926A0C86400E95009 /* StraightLine.swift */; };
		22CA376C26A0D97C00E95009 /* PKStrokePath_Path.swift in Sources */ = {isa = PBXBuildFile; fileRef = 22CA376B26A0D97C00E95009 /* PKStrokePath_Path.swift */; };
		22CA376E26A0D99F00E95009 /* Path_BezierCurve.swift in Sources */ = {isa = PBXBuildFile; fileRef = 22CA376D26A0D99F00E95009 /* Path_BezierCurve.swift */; };
		22CA377826A215BF00E95009 /* FrameConduit.swift in Sources */ = {isa = PBXBuildFile; fileRef = 22CA377726A215BF00E95009 /* FrameConduit.swift */; };
		22CA377A26A22B9300E95009 /* PMCanvasView.swift in Sources */ = {isa = PBXBuildFile; fileRef = 22CA377926A22B9300E95009 /* PMCanvasView.swift */; };
		22CF007726A5099500A12F88 /* ScribbleBlockers.swift in Sources */ = {isa = PBXBuildFile; fileRef = 22CF007626A5099500A12F88 /* ScribbleBlockers.swift */; };
		22CF007B26A516F400A12F88 /* CommandConduit.swift in Sources */ = {isa = PBXBuildFile; fileRef = 22CF007A26A516F400A12F88 /* CommandConduit.swift */; };
		22E6BEA126CEAF110000A3B3 /* CGPoint.distance.swift in Sources */ = {isa = PBXBuildFile; fileRef = 22E6BEA026CEAF110000A3B3 /* CGPoint.distance.swift */; };
		22E6BEA326CEAF2E0000A3B3 /* CGRect.intersects.swift in Sources */ = {isa = PBXBuildFile; fileRef = 22E6BEA226CEAF2E0000A3B3 /* CGRect.intersects.swift */; };
		22E6BEA526CEAF550000A3B3 /* Circle.swift in Sources */ = {isa = PBXBuildFile; fileRef = 22E6BEA426CEAF550000A3B3 /* Circle.swift */; };
		22E6BEA726CEAF6C0000A3B3 /* FragmentModel.swift in Sources */ = {isa = PBXBuildFile; fileRef = 22E6BEA626CEAF6C0000A3B3 /* FragmentModel.swift */; };
		22E6BEA926CEAFA70000A3B3 /* LineFragment.swift in Sources */ = {isa = PBXBuildFile; fileRef = 22E6BEA826CEAFA60000A3B3 /* LineFragment.swift */; };
		22E6BEAB26CEB0130000A3B3 /* UITextView.allGlyphs.swift in Sources */ = {isa = PBXBuildFile; fileRef = 22E6BEAA26CEB0130000A3B3 /* UITextView.allGlyphs.swift */; };
		22E85316269CCF8500E82CE4 /* NSRange_Intersects.swift in Sources */ = {isa = PBXBuildFile; fileRef = 22E85315269CCF8500E82CE4 /* NSRange_Intersects.swift */; };
		22E85321269CD8FD00E82CE4 /* UITextRange_NSRange.swift in Sources */ = {isa = PBXBuildFile; fileRef = 22E85320269CD8FD00E82CE4 /* UITextRange_NSRange.swift */; };
		22F70B2A26ADD15200CC8935 /* KeyboardViewController.AdjustForKeyboard.swift in Sources */ = {isa = PBXBuildFile; fileRef = 22F70B2926ADD15200CC8935 /* KeyboardViewController.AdjustForKeyboard.swift */; };
		22F70B3026ADF2A400CC8935 /* KeyboardViewController_UIScrollViewDelegate.swift in Sources */ = {isa = PBXBuildFile; fileRef = 22F70B2F26ADF2A400CC8935 /* KeyboardViewController_UIScrollViewDelegate.swift */; };
		22F70B3226ADF2D700CC8935 /* CanvasViewController.ObserveScroll.swift in Sources */ = {isa = PBXBuildFile; fileRef = 22F70B3126ADF2D700CC8935 /* CanvasViewController.ObserveScroll.swift */; };
		22F70B3426AE253D00CC8935 /* CanvasViewController.AdjustForKeyboard.swift in Sources */ = {isa = PBXBuildFile; fileRef = 22F70B3326AE253D00CC8935 /* CanvasViewController.AdjustForKeyboard.swift */; };
		22F70B3626AE263600CC8935 /* Notification.edgeInsets.swift in Sources */ = {isa = PBXBuildFile; fileRef = 22F70B3526AE263600CC8935 /* Notification.edgeInsets.swift */; };
		22F70B3826AE28E900CC8935 /* FilesViewController.AdjustForKeyboard.swift in Sources */ = {isa = PBXBuildFile; fileRef = 22F70B3726AE28E900CC8935 /* FilesViewController.AdjustForKeyboard.swift */; };
		22F70B3A26AE2BD900CC8935 /* UIViewController.toolbarHeight.swift in Sources */ = {isa = PBXBuildFile; fileRef = 22F70B3926AE2BD900CC8935 /* UIViewController.toolbarHeight.swift */; };
		22F70B3F26AE4B0300CC8935 /* NewDocumentURL.swift in Sources */ = {isa = PBXBuildFile; fileRef = 22F70B3E26AE4B0300CC8935 /* NewDocumentURL.swift */; };
/* End PBXBuildFile section */

/* Begin PBXContainerItemProxy section */
		22DA1413269DE06600D90EA7 /* PBXContainerItemProxy */ = {
			isa = PBXContainerItemProxy;
			containerPortal = 22AF74AE269BA5F0007D9891 /* Project object */;
			proxyType = 1;
			remoteGlobalIDString = 22AF74B5269BA5F1007D9891;
			remoteInfo = PencilMarkRedux;
		};
/* End PBXContainerItemProxy section */

/* Begin PBXFileReference section */
		220B850F26AC819A00081536 /* KeyboardViewController.swift */ = {isa = PBXFileReference; lastKnownFileType = sourcecode.swift; path = KeyboardViewController.swift; sourceTree = "<group>"; };
		220B851126AC844D00081536 /* DrawableMarkdownViewController.swift */ = {isa = PBXFileReference; lastKnownFileType = sourcecode.swift; path = DrawableMarkdownViewController.swift; sourceTree = "<group>"; };
		220B851326AC898C00081536 /* KeyboardViewController.ObserveTyping.swift */ = {isa = PBXFileReference; lastKnownFileType = sourcecode.swift; path = KeyboardViewController.ObserveTyping.swift; sourceTree = "<group>"; };
		220B851526AC8AA200081536 /* DrawableMarkdownViewController.ObserveTyping.swift */ = {isa = PBXFileReference; lastKnownFileType = sourcecode.swift; path = DrawableMarkdownViewController.ObserveTyping.swift; sourceTree = "<group>"; };
		220B851826AC8BBD00081536 /* PMViewController.swift */ = {isa = PBXFileReference; lastKnownFileType = sourcecode.swift; path = PMViewController.swift; sourceTree = "<group>"; };
		220B851A26AC8C8B00081536 /* UIViewController.adopt.swift */ = {isa = PBXFileReference; lastKnownFileType = sourcecode.swift; path = UIViewController.adopt.swift; sourceTree = "<group>"; };
		220B852026AC90FC00081536 /* KeyboardViewController.ObserveStrokes.swift */ = {isa = PBXFileReference; lastKnownFileType = sourcecode.swift; path = KeyboardViewController.ObserveStrokes.swift; sourceTree = "<group>"; };
		220B852226AC973700081536 /* KeyboardViewController_UITextViewDelegate.swift */ = {isa = PBXFileReference; lastKnownFileType = sourcecode.swift; path = KeyboardViewController_UITextViewDelegate.swift; sourceTree = "<group>"; };
		220B852426AC978200081536 /* KeyboardViewController.ObserveTouches.swift */ = {isa = PBXFileReference; lastKnownFileType = sourcecode.swift; path = KeyboardViewController.ObserveTouches.swift; sourceTree = "<group>"; };
		220B852726AC990200081536 /* PMTextView.swift */ = {isa = PBXFileReference; lastKnownFileType = sourcecode.swift; path = PMTextView.swift; sourceTree = "<group>"; };
		220B852926AC998C00081536 /* KeyboardViewController.ObserveCommands.swift */ = {isa = PBXFileReference; lastKnownFileType = sourcecode.swift; path = KeyboardViewController.ObserveCommands.swift; sourceTree = "<group>"; };
		220B852C26AC9AC000081536 /* CanvasViewController.swift */ = {isa = PBXFileReference; lastKnownFileType = sourcecode.swift; path = CanvasViewController.swift; sourceTree = "<group>"; };
		220B852E26AC9C1C00081536 /* CanvasViewController.ObserveSize.swift */ = {isa = PBXFileReference; lastKnownFileType = sourcecode.swift; path = CanvasViewController.ObserveSize.swift; sourceTree = "<group>"; };
		220B853026AC9C5C00081536 /* CanvasViewController_PKCanvasViewDelegate.swift */ = {isa = PBXFileReference; lastKnownFileType = sourcecode.swift; path = CanvasViewController_PKCanvasViewDelegate.swift; sourceTree = "<group>"; };
		220B853226AC9CAB00081536 /* CanvasViewController_UIScrollViewDelegate.swift */ = {isa = PBXFileReference; lastKnownFileType = sourcecode.swift; path = CanvasViewController_UIScrollViewDelegate.swift; sourceTree = "<group>"; };
		220B853826ACD3EC00081536 /* PMAST */ = {isa = PBXFileReference; lastKnownFileType = folder; path = PMAST; sourceTree = "<group>"; };
		2214E13B269CAC3B0046EF32 /* String_Subscript.swift */ = {isa = PBXFileReference; lastKnownFileType = sourcecode.swift; path = String_Subscript.swift; sourceTree = "<group>"; };
		2215B88626AD9E0600D2A0AE /* TextDocumentError.swift */ = {isa = PBXFileReference; lastKnownFileType = sourcecode.swift; path = TextDocumentError.swift; sourceTree = "<group>"; };
		2215B88826ADB27600D2A0AE /* NoDocumentView.swift */ = {isa = PBXFileReference; lastKnownFileType = sourcecode.swift; path = NoDocumentView.swift; sourceTree = "<group>"; };
		2228356C26C49C960026D468 /* VideoViewController.swift */ = {isa = PBXFileReference; lastKnownFileType = sourcecode.swift; path = VideoViewController.swift; sourceTree = "<group>"; };
		2228357326C4A8BD0026D468 /* Tool.swift */ = {isa = PBXFileReference; lastKnownFileType = sourcecode.swift; path = Tool.swift; sourceTree = "<group>"; };
		2228357526C6F3E90026D468 /* SplitConduit.swift */ = {isa = PBXFileReference; lastKnownFileType = sourcecode.swift; path = SplitConduit.swift; sourceTree = "<group>"; };
		2228357726C728340026D468 /* Strike.mp4 */ = {isa = PBXFileReference; lastKnownFileType = file; path = Strike.mp4; sourceTree = "<group>"; };
		2228357A26C72A810026D468 /* Example.mp4 */ = {isa = PBXFileReference; lastKnownFileType = file; path = Example.mp4; sourceTree = "<group>"; };
		2228357C26C733370026D468 /* Scribble.mp4 */ = {isa = PBXFileReference; lastKnownFileType = file; path = Scribble.mp4; sourceTree = "<group>"; };
		2228359E26C8A4A40026D468 /* DrawableMarkdownViewController.restoreState.swift */ = {isa = PBXFileReference; lastKnownFileType = sourcecode.swift; path = DrawableMarkdownViewController.restoreState.swift; sourceTree = "<group>"; };
		222835A026C8A4E70026D468 /* DrawableMarkdownViewController.Document.swift */ = {isa = PBXFileReference; lastKnownFileType = sourcecode.swift; path = DrawableMarkdownViewController.Document.swift; sourceTree = "<group>"; };
		222835A226C8A53E0026D468 /* DrawableMarkdownViewController.Buttons.swift */ = {isa = PBXFileReference; lastKnownFileType = sourcecode.swift; path = DrawableMarkdownViewController.Buttons.swift; sourceTree = "<group>"; };
		222835A426C994EE0026D468 /* DrawableMarkdownViewController.Toolbar.swift */ = {isa = PBXFileReference; lastKnownFileType = sourcecode.swift; path = DrawableMarkdownViewController.Toolbar.swift; sourceTree = "<group>"; };
		225D7AFC26C30FA40005A543 /* TutorialMenuViewController.swift */ = {isa = PBXFileReference; lastKnownFileType = sourcecode.swift; path = TutorialMenuViewController.swift; sourceTree = "<group>"; };
		229B6D0026B460FA0096FE45 /* UIFont.dynamicSize.swift */ = {isa = PBXFileReference; lastKnownFileType = sourcecode.swift; path = UIFont.dynamicSize.swift; sourceTree = "<group>"; };
		229B6D0226B467D10096FE45 /* CanvasViewController.UndoManager.swift */ = {isa = PBXFileReference; lastKnownFileType = sourcecode.swift; path = CanvasViewController.UndoManager.swift; sourceTree = "<group>"; };
		229B6D0426B754A90096FE45 /* UIBarButtonItem.menuButton.swift */ = {isa = PBXFileReference; lastKnownFileType = sourcecode.swift; path = UIBarButtonItem.menuButton.swift; sourceTree = "<group>"; };
		229B6D0826B776120096FE45 /* ViewController_UIStateRestoring.swift */ = {isa = PBXFileReference; lastKnownFileType = sourcecode.swift; path = ViewController_UIStateRestoring.swift; sourceTree = "<group>"; };
		229B6D0A26B7765C0096FE45 /* ViewController_UISplitViewControllerDelegate.swift */ = {isa = PBXFileReference; lastKnownFileType = sourcecode.swift; path = ViewController_UISplitViewControllerDelegate.swift; sourceTree = "<group>"; };
		229B6D0C26B7782F0096FE45 /* SceneDelegate_StateRestoration.swift */ = {isa = PBXFileReference; lastKnownFileType = sourcecode.swift; path = SceneDelegate_StateRestoration.swift; sourceTree = "<group>"; };
		229B6D0E26B8CE6B0096FE45 /* DrawableMarkdownViewController.willEnterBackground.swift */ = {isa = PBXFileReference; lastKnownFileType = sourcecode.swift; path = DrawableMarkdownViewController.willEnterBackground.swift; sourceTree = "<group>"; };
		229B6D1126B97D8C0096FE45 /* ActivityType.swift */ = {isa = PBXFileReference; lastKnownFileType = sourcecode.swift; path = ActivityType.swift; sourceTree = "<group>"; };
		229B6D1326B97DB30096FE45 /* ActivityInfo.swift */ = {isa = PBXFileReference; lastKnownFileType = sourcecode.swift; path = ActivityInfo.swift; sourceTree = "<group>"; };
		229B6D1526B980100096FE45 /* StateModel.swift */ = {isa = PBXFileReference; lastKnownFileType = sourcecode.swift; path = StateModel.swift; sourceTree = "<group>"; };
		22AF74BD269BA5F2007D9891 /* Assets.xcassets */ = {isa = PBXFileReference; lastKnownFileType = folder.assetcatalog; path = Assets.xcassets; sourceTree = "<group>"; };
		22AF74C0269BA5F2007D9891 /* Preview Assets.xcassets */ = {isa = PBXFileReference; lastKnownFileType = folder.assetcatalog; path = "Preview Assets.xcassets"; sourceTree = "<group>"; };
		22AF74C2269BA5F2007D9891 /* Info.plist */ = {isa = PBXFileReference; lastKnownFileType = text.plist.xml; path = Info.plist; sourceTree = "<group>"; };
		22AF74D2269BABA1007D9891 /* StrokeConduit.swift */ = {isa = PBXFileReference; lastKnownFileType = sourcecode.swift; path = StrokeConduit.swift; sourceTree = "<group>"; };
		22AF74D8269BAC37007D9891 /* PKStroke_Init.swift */ = {isa = PBXFileReference; lastKnownFileType = sourcecode.swift; path = PKStroke_Init.swift; sourceTree = "<group>"; };
		22AF74DA269BAC64007D9891 /* PKStrokePoint_Init.swift */ = {isa = PBXFileReference; lastKnownFileType = sourcecode.swift; path = PKStrokePoint_Init.swift; sourceTree = "<group>"; };
		22C035C426B1AFE20027D3EE /* RefreshablePlaceholderViewController.swift */ = {isa = PBXFileReference; lastKnownFileType = sourcecode.swift; path = RefreshablePlaceholderViewController.swift; sourceTree = "<group>"; };
		22C767BC26CB39EA000BAD55 /* Tutorial.swift */ = {isa = PBXFileReference; lastKnownFileType = sourcecode.swift; path = Tutorial.swift; sourceTree = "<group>"; };
		22C767BE26CB3AA8000BAD55 /* Tool.Pencil.swift */ = {isa = PBXFileReference; lastKnownFileType = sourcecode.swift; path = Tool.Pencil.swift; sourceTree = "<group>"; };
		22C767C026CB3ADA000BAD55 /* Tool.Eraser.swift */ = {isa = PBXFileReference; lastKnownFileType = sourcecode.swift; path = Tool.Eraser.swift; sourceTree = "<group>"; };
		22C767C226CB612A000BAD55 /* KeyboardViewController.ObserveEraser.swift */ = {isa = PBXFileReference; lastKnownFileType = sourcecode.swift; path = KeyboardViewController.ObserveEraser.swift; sourceTree = "<group>"; };
		22C9F5D126AB9215003FD426 /* AppDelegate.swift */ = {isa = PBXFileReference; lastKnownFileType = sourcecode.swift; path = AppDelegate.swift; sourceTree = "<group>"; };
		22C9F5D326AB92D5003FD426 /* SceneDelegate.swift */ = {isa = PBXFileReference; lastKnownFileType = sourcecode.swift; path = SceneDelegate.swift; sourceTree = "<group>"; };
		22C9F5D726AB934B003FD426 /* Main.storyboard */ = {isa = PBXFileReference; fileEncoding = 4; lastKnownFileType = file.storyboard; path = Main.storyboard; sourceTree = "<group>"; };
		22C9F5D926AB98AD003FD426 /* ViewController.swift */ = {isa = PBXFileReference; lastKnownFileType = sourcecode.swift; path = ViewController.swift; sourceTree = "<group>"; };
		22C9F5DE26AB99BE003FD426 /* DocumentSelectionDelegate.swift */ = {isa = PBXFileReference; fileEncoding = 4; lastKnownFileType = sourcecode.swift; path = DocumentSelectionDelegate.swift; sourceTree = "<group>"; };
		22C9F5E326AB99F1003FD426 /* URL.isDirectory.swift */ = {isa = PBXFileReference; fileEncoding = 4; lastKnownFileType = sourcecode.swift; path = URL.isDirectory.swift; sourceTree = "<group>"; };
		22C9F5E526AB9A27003FD426 /* Constants.swift */ = {isa = PBXFileReference; fileEncoding = 4; lastKnownFileType = sourcecode.swift; path = Constants.swift; sourceTree = "<group>"; };
		22C9F5E826AB9A56003FD426 /* FolderViewController.swift */ = {isa = PBXFileReference; fileEncoding = 4; lastKnownFileType = sourcecode.swift; path = FolderViewController.swift; sourceTree = "<group>"; };
		22C9F5E926AB9A56003FD426 /* FilesViewController.swift */ = {isa = PBXFileReference; fileEncoding = 4; lastKnownFileType = sourcecode.swift; path = FilesViewController.swift; sourceTree = "<group>"; };
		22C9F5EA26AB9A56003FD426 /* FilesView.swift */ = {isa = PBXFileReference; fileEncoding = 4; lastKnownFileType = sourcecode.swift; path = FilesView.swift; sourceTree = "<group>"; };
		22C9F5EB26AB9A56003FD426 /* FilesViewController_UITableViewDataSource.swift */ = {isa = PBXFileReference; fileEncoding = 4; lastKnownFileType = sourcecode.swift; path = FilesViewController_UITableViewDataSource.swift; sourceTree = "<group>"; };
		22C9F5EC26AB9A56003FD426 /* iCloudBrokenView.swift */ = {isa = PBXFileReference; fileEncoding = 4; lastKnownFileType = sourcecode.swift; path = iCloudBrokenView.swift; sourceTree = "<group>"; };
		22C9F5ED26AB9A57003FD426 /* EmptyFolderView.swift */ = {isa = PBXFileReference; fileEncoding = 4; lastKnownFileType = sourcecode.swift; path = EmptyFolderView.swift; sourceTree = "<group>"; };
		22C9F5EE26AB9A57003FD426 /* FilesViewController.Refresh.swift */ = {isa = PBXFileReference; fileEncoding = 4; lastKnownFileType = sourcecode.swift; path = FilesViewController.Refresh.swift; sourceTree = "<group>"; };
		22C9F5F626AB9AC2003FD426 /* FileBrowserViewController.swift */ = {isa = PBXFileReference; fileEncoding = 4; lastKnownFileType = sourcecode.swift; path = FileBrowserViewController.swift; sourceTree = "<group>"; };
		22C9F5FA26AB9E79003FD426 /* PencilMarkRedux.entitlements */ = {isa = PBXFileReference; lastKnownFileType = text.plist.entitlements; path = PencilMarkRedux.entitlements; sourceTree = "<group>"; };
		22C9F5FE26ABA27F003FD426 /* StyledMarkdownDocument.swift */ = {isa = PBXFileReference; lastKnownFileType = sourcecode.swift; path = StyledMarkdownDocument.swift; sourceTree = "<group>"; };
		22CA376326A0C4B200E95009 /* PMShape.swift */ = {isa = PBXFileReference; lastKnownFileType = sourcecode.swift; path = PMShape.swift; sourceTree = "<group>"; };
		22CA376526A0C52000E95009 /* Interpret.swift */ = {isa = PBXFileReference; lastKnownFileType = sourcecode.swift; path = Interpret.swift; sourceTree = "<group>"; };
		22CA376726A0C58D00E95009 /* ThreePointAngle.swift */ = {isa = PBXFileReference; lastKnownFileType = sourcecode.swift; path = ThreePointAngle.swift; sourceTree = "<group>"; };
		22CA376926A0C86400E95009 /* StraightLine.swift */ = {isa = PBXFileReference; lastKnownFileType = sourcecode.swift; path = StraightLine.swift; sourceTree = "<group>"; };
		22CA376B26A0D97C00E95009 /* PKStrokePath_Path.swift */ = {isa = PBXFileReference; lastKnownFileType = sourcecode.swift; path = PKStrokePath_Path.swift; sourceTree = "<group>"; };
		22CA376D26A0D99F00E95009 /* Path_BezierCurve.swift */ = {isa = PBXFileReference; lastKnownFileType = sourcecode.swift; path = Path_BezierCurve.swift; sourceTree = "<group>"; };
		22CA377726A215BF00E95009 /* FrameConduit.swift */ = {isa = PBXFileReference; lastKnownFileType = sourcecode.swift; path = FrameConduit.swift; sourceTree = "<group>"; };
		22CA377926A22B9300E95009 /* PMCanvasView.swift */ = {isa = PBXFileReference; lastKnownFileType = sourcecode.swift; path = PMCanvasView.swift; sourceTree = "<group>"; };
		22CDCB0F269BBD6F00988085 /* PencilMarkRedux.app */ = {isa = PBXFileReference; explicitFileType = wrapper.application; includeInIndex = 0; path = PencilMarkRedux.app; sourceTree = BUILT_PRODUCTS_DIR; };
		22CF007626A5099500A12F88 /* ScribbleBlockers.swift */ = {isa = PBXFileReference; lastKnownFileType = sourcecode.swift; path = ScribbleBlockers.swift; sourceTree = "<group>"; };
		22CF007A26A516F400A12F88 /* CommandConduit.swift */ = {isa = PBXFileReference; lastKnownFileType = sourcecode.swift; path = CommandConduit.swift; sourceTree = "<group>"; };
		22DA140E269DE06600D90EA7 /* PencilMarkReduxTests.xctest */ = {isa = PBXFileReference; explicitFileType = wrapper.cfbundle; includeInIndex = 0; path = PencilMarkReduxTests.xctest; sourceTree = BUILT_PRODUCTS_DIR; };
		22DA1412269DE06600D90EA7 /* Info.plist */ = {isa = PBXFileReference; lastKnownFileType = text.plist.xml; path = Info.plist; sourceTree = "<group>"; };
		22E6BEA026CEAF110000A3B3 /* CGPoint.distance.swift */ = {isa = PBXFileReference; lastKnownFileType = sourcecode.swift; path = CGPoint.distance.swift; sourceTree = "<group>"; };
		22E6BEA226CEAF2E0000A3B3 /* CGRect.intersects.swift */ = {isa = PBXFileReference; lastKnownFileType = sourcecode.swift; path = CGRect.intersects.swift; sourceTree = "<group>"; };
		22E6BEA426CEAF550000A3B3 /* Circle.swift */ = {isa = PBXFileReference; lastKnownFileType = sourcecode.swift; path = Circle.swift; sourceTree = "<group>"; };
		22E6BEA626CEAF6C0000A3B3 /* FragmentModel.swift */ = {isa = PBXFileReference; lastKnownFileType = sourcecode.swift; path = FragmentModel.swift; sourceTree = "<group>"; };
		22E6BEA826CEAFA60000A3B3 /* LineFragment.swift */ = {isa = PBXFileReference; lastKnownFileType = sourcecode.swift; path = LineFragment.swift; sourceTree = "<group>"; };
		22E6BEAA26CEB0130000A3B3 /* UITextView.allGlyphs.swift */ = {isa = PBXFileReference; lastKnownFileType = sourcecode.swift; path = UITextView.allGlyphs.swift; sourceTree = "<group>"; };
		22E85315269CCF8500E82CE4 /* NSRange_Intersects.swift */ = {isa = PBXFileReference; lastKnownFileType = sourcecode.swift; path = NSRange_Intersects.swift; sourceTree = "<group>"; };
		22E85320269CD8FD00E82CE4 /* UITextRange_NSRange.swift */ = {isa = PBXFileReference; lastKnownFileType = sourcecode.swift; path = UITextRange_NSRange.swift; sourceTree = "<group>"; };
		22F70B2926ADD15200CC8935 /* KeyboardViewController.AdjustForKeyboard.swift */ = {isa = PBXFileReference; lastKnownFileType = sourcecode.swift; path = KeyboardViewController.AdjustForKeyboard.swift; sourceTree = "<group>"; };
		22F70B2F26ADF2A400CC8935 /* KeyboardViewController_UIScrollViewDelegate.swift */ = {isa = PBXFileReference; lastKnownFileType = sourcecode.swift; path = KeyboardViewController_UIScrollViewDelegate.swift; sourceTree = "<group>"; };
		22F70B3126ADF2D700CC8935 /* CanvasViewController.ObserveScroll.swift */ = {isa = PBXFileReference; lastKnownFileType = sourcecode.swift; path = CanvasViewController.ObserveScroll.swift; sourceTree = "<group>"; };
		22F70B3326AE253D00CC8935 /* CanvasViewController.AdjustForKeyboard.swift */ = {isa = PBXFileReference; lastKnownFileType = sourcecode.swift; path = CanvasViewController.AdjustForKeyboard.swift; sourceTree = "<group>"; };
		22F70B3526AE263600CC8935 /* Notification.edgeInsets.swift */ = {isa = PBXFileReference; lastKnownFileType = sourcecode.swift; path = Notification.edgeInsets.swift; sourceTree = "<group>"; };
		22F70B3726AE28E900CC8935 /* FilesViewController.AdjustForKeyboard.swift */ = {isa = PBXFileReference; lastKnownFileType = sourcecode.swift; path = FilesViewController.AdjustForKeyboard.swift; sourceTree = "<group>"; };
		22F70B3926AE2BD900CC8935 /* UIViewController.toolbarHeight.swift */ = {isa = PBXFileReference; lastKnownFileType = sourcecode.swift; path = UIViewController.toolbarHeight.swift; sourceTree = "<group>"; };
		22F70B3E26AE4B0300CC8935 /* NewDocumentURL.swift */ = {isa = PBXFileReference; lastKnownFileType = sourcecode.swift; path = NewDocumentURL.swift; sourceTree = "<group>"; };
/* End PBXFileReference section */

/* Begin PBXFrameworksBuildPhase section */
		22AF74B3269BA5F1007D9891 /* Frameworks */ = {
			isa = PBXFrameworksBuildPhase;
			buildActionMask = 2147483647;
			files = (
				2215B88526AD13CB00D2A0AE /* PMAST in Frameworks */,
			);
			runOnlyForDeploymentPostprocessing = 0;
		};
		22DA140B269DE06600D90EA7 /* Frameworks */ = {
			isa = PBXFrameworksBuildPhase;
			buildActionMask = 2147483647;
			files = (
			);
			runOnlyForDeploymentPostprocessing = 0;
		};
/* End PBXFrameworksBuildPhase section */

/* Begin PBXGroup section */
		220B851726AC8BB100081536 /* UIViewController */ = {
			isa = PBXGroup;
			children = (
				220B851826AC8BBD00081536 /* PMViewController.swift */,
				220B851A26AC8C8B00081536 /* UIViewController.adopt.swift */,
				22F70B3926AE2BD900CC8935 /* UIViewController.toolbarHeight.swift */,
			);
			path = UIViewController;
			sourceTree = "<group>";
		};
		220B852626AC989700081536 /* KeyboardViewController */ = {
			isa = PBXGroup;
			children = (
				220B850F26AC819A00081536 /* KeyboardViewController.swift */,
				22F70B2F26ADF2A400CC8935 /* KeyboardViewController_UIScrollViewDelegate.swift */,
				220B852226AC973700081536 /* KeyboardViewController_UITextViewDelegate.swift */,
				220B851326AC898C00081536 /* KeyboardViewController.ObserveTyping.swift */,
				220B852026AC90FC00081536 /* KeyboardViewController.ObserveStrokes.swift */,
				22C767C226CB612A000BAD55 /* KeyboardViewController.ObserveEraser.swift */,
				220B852426AC978200081536 /* KeyboardViewController.ObserveTouches.swift */,
				220B852926AC998C00081536 /* KeyboardViewController.ObserveCommands.swift */,
				22F70B2926ADD15200CC8935 /* KeyboardViewController.AdjustForKeyboard.swift */,
				22CF007626A5099500A12F88 /* ScribbleBlockers.swift */,
				220B852726AC990200081536 /* PMTextView.swift */,
				22E6BE9F26CEAEF30000A3B3 /* Eraser */,
			);
			path = KeyboardViewController;
			sourceTree = "<group>";
		};
		220B852B26AC9AB700081536 /* CanvasViewController */ = {
			isa = PBXGroup;
			children = (
				220B852C26AC9AC000081536 /* CanvasViewController.swift */,
				229B6D0226B467D10096FE45 /* CanvasViewController.UndoManager.swift */,
				220B853026AC9C5C00081536 /* CanvasViewController_PKCanvasViewDelegate.swift */,
				220B853226AC9CAB00081536 /* CanvasViewController_UIScrollViewDelegate.swift */,
				220B852E26AC9C1C00081536 /* CanvasViewController.ObserveSize.swift */,
				22F70B3126ADF2D700CC8935 /* CanvasViewController.ObserveScroll.swift */,
				22F70B3326AE253D00CC8935 /* CanvasViewController.AdjustForKeyboard.swift */,
				22CA377926A22B9300E95009 /* PMCanvasView.swift */,
			);
			path = CanvasViewController;
			sourceTree = "<group>";
		};
		220B853526ACD2C400081536 /* Frameworks */ = {
			isa = PBXGroup;
			children = (
			);
			name = Frameworks;
			sourceTree = "<group>";
		};
		2228357026C4A8A30026D468 /* Tutorial */ = {
			isa = PBXGroup;
			children = (
				2228357326C4A8BD0026D468 /* Tool.swift */,
				22C767C026CB3ADA000BAD55 /* Tool.Eraser.swift */,
				22C767BE26CB3AA8000BAD55 /* Tool.Pencil.swift */,
				22C767BC26CB39EA000BAD55 /* Tutorial.swift */,
				225D7AFC26C30FA40005A543 /* TutorialMenuViewController.swift */,
				2228356C26C49C960026D468 /* VideoViewController.swift */,
				2228357926C72A410026D468 /* Videos */,
			);
			path = Tutorial;
			sourceTree = "<group>";
		};
		2228357926C72A410026D468 /* Videos */ = {
			isa = PBXGroup;
			children = (
				2228357726C728340026D468 /* Strike.mp4 */,
				2228357A26C72A810026D468 /* Example.mp4 */,
				2228357C26C733370026D468 /* Scribble.mp4 */,
			);
			path = Videos;
			sourceTree = "<group>";
		};
		229B6CFF26B460CE0096FE45 /* UIFont */ = {
			isa = PBXGroup;
			children = (
				229B6D0026B460FA0096FE45 /* UIFont.dynamicSize.swift */,
			);
			path = UIFont;
			sourceTree = "<group>";
		};
		229B6D1026B97CF80096FE45 /* State Restoration */ = {
			isa = PBXGroup;
			children = (
				229B6D1126B97D8C0096FE45 /* ActivityType.swift */,
				229B6D1326B97DB30096FE45 /* ActivityInfo.swift */,
				229B6D1526B980100096FE45 /* StateModel.swift */,
			);
			path = "State Restoration";
			sourceTree = "<group>";
		};
		22AF74AD269BA5F0007D9891 = {
			isa = PBXGroup;
			children = (
				2228357026C4A8A30026D468 /* Tutorial */,
				220B853826ACD3EC00081536 /* PMAST */,
				22C9F60026ABA4D8003FD426 /* StyledMarkdownDocument */,
				22C9F5FD26ABA26F003FD426 /* DrawableMarkdownViewController */,
				22AF74B8269BA5F1007D9891 /* PencilMarkRedux */,
				22C9F5E726AB9A3A003FD426 /* FileBrowser */,
				22F70B3D26AE4AEF00CC8935 /* Misc */,
				22CA376226A0C46600E95009 /* GestureRecognition */,
				22CDCB0F269BBD6F00988085 /* PencilMarkRedux.app */,
				22DA140E269DE06600D90EA7 /* PencilMarkReduxTests.xctest */,
				22DA140F269DE06600D90EA7 /* PencilMarkReduxTests */,
				220B853526ACD2C400081536 /* Frameworks */,
			);
			sourceTree = "<group>";
		};
		22AF74B8269BA5F1007D9891 /* PencilMarkRedux */ = {
			isa = PBXGroup;
			children = (
				22C9F5FA26AB9E79003FD426 /* PencilMarkRedux.entitlements */,
				22C9F5D626AB9326003FD426 /* AppRoot */,
				229B6D1026B97CF80096FE45 /* State Restoration */,
				22C9F5E526AB9A27003FD426 /* Constants.swift */,
				22AF74BD269BA5F2007D9891 /* Assets.xcassets */,
				22AF74C2269BA5F2007D9891 /* Info.plist */,
				22AF74BF269BA5F2007D9891 /* Preview Content */,
			);
			path = PencilMarkRedux;
			sourceTree = "<group>";
		};
		22AF74BF269BA5F2007D9891 /* Preview Content */ = {
			isa = PBXGroup;
			children = (
				22AF74C0269BA5F2007D9891 /* Preview Assets.xcassets */,
			);
			path = "Preview Content";
			sourceTree = "<group>";
		};
		22AF74D4269BABF4007D9891 /* Extensions */ = {
			isa = PBXGroup;
			children = (
				220B851726AC8BB100081536 /* UIViewController */,
				22C9F5E326AB99F1003FD426 /* URL.isDirectory.swift */,
				2214E13B269CAC3B0046EF32 /* String_Subscript.swift */,
				22E85320269CD8FD00E82CE4 /* UITextRange_NSRange.swift */,
				22AF74D5269BABF9007D9891 /* PencilKit */,
				22E85315269CCF8500E82CE4 /* NSRange_Intersects.swift */,
				22CA376D26A0D99F00E95009 /* Path_BezierCurve.swift */,
				229B6CFF26B460CE0096FE45 /* UIFont */,
				22F70B3526AE263600CC8935 /* Notification.edgeInsets.swift */,
				229B6D0426B754A90096FE45 /* UIBarButtonItem.menuButton.swift */,
			);
			path = Extensions;
			sourceTree = "<group>";
		};
		22AF74D5269BABF9007D9891 /* PencilKit */ = {
			isa = PBXGroup;
			children = (
				22AF74D8269BAC37007D9891 /* PKStroke_Init.swift */,
				22AF74DA269BAC64007D9891 /* PKStrokePoint_Init.swift */,
				22CA376B26A0D97C00E95009 /* PKStrokePath_Path.swift */,
			);
			path = PencilKit;
			sourceTree = "<group>";
		};
		22C9F5D626AB9326003FD426 /* AppRoot */ = {
			isa = PBXGroup;
			children = (
				22C9F5D126AB9215003FD426 /* AppDelegate.swift */,
				22C9F5D326AB92D5003FD426 /* SceneDelegate.swift */,
				229B6D0C26B7782F0096FE45 /* SceneDelegate_StateRestoration.swift */,
				22C9F5D926AB98AD003FD426 /* ViewController.swift */,
				229B6D0A26B7765C0096FE45 /* ViewController_UISplitViewControllerDelegate.swift */,
				2228357526C6F3E90026D468 /* SplitConduit.swift */,
				229B6D0826B776120096FE45 /* ViewController_UIStateRestoring.swift */,
				22C9F5D726AB934B003FD426 /* Main.storyboard */,
			);
			path = AppRoot;
			sourceTree = "<group>";
		};
		22C9F5E726AB9A3A003FD426 /* FileBrowser */ = {
			isa = PBXGroup;
			children = (
				22C9F5F626AB9AC2003FD426 /* FileBrowserViewController.swift */,
				22C9F5E826AB9A56003FD426 /* FolderViewController.swift */,
				22C9F5E926AB9A56003FD426 /* FilesViewController.swift */,
				22F70B3726AE28E900CC8935 /* FilesViewController.AdjustForKeyboard.swift */,
				22C9F5EB26AB9A56003FD426 /* FilesViewController_UITableViewDataSource.swift */,
				22C9F5EE26AB9A57003FD426 /* FilesViewController.Refresh.swift */,
				22C9F5EA26AB9A56003FD426 /* FilesView.swift */,
				22C035C426B1AFE20027D3EE /* RefreshablePlaceholderViewController.swift */,
				22C9F5ED26AB9A57003FD426 /* EmptyFolderView.swift */,
				22C9F5EC26AB9A56003FD426 /* iCloudBrokenView.swift */,
			);
			path = FileBrowser;
			sourceTree = "<group>";
		};
		22C9F5F826AB9DCA003FD426 /* Conduits */ = {
			isa = PBXGroup;
			children = (
				22AF74D2269BABA1007D9891 /* StrokeConduit.swift */,
				22CA377726A215BF00E95009 /* FrameConduit.swift */,
				22CF007A26A516F400A12F88 /* CommandConduit.swift */,
			);
			path = Conduits;
			sourceTree = "<group>";
		};
		22C9F5FD26ABA26F003FD426 /* DrawableMarkdownViewController */ = {
			isa = PBXGroup;
			children = (
				220B851126AC844D00081536 /* DrawableMarkdownViewController.swift */,
				222835A426C994EE0026D468 /* DrawableMarkdownViewController.Toolbar.swift */,
				222835A226C8A53E0026D468 /* DrawableMarkdownViewController.Buttons.swift */,
				222835A026C8A4E70026D468 /* DrawableMarkdownViewController.Document.swift */,
				229B6D0E26B8CE6B0096FE45 /* DrawableMarkdownViewController.willEnterBackground.swift */,
				2228359E26C8A4A40026D468 /* DrawableMarkdownViewController.restoreState.swift */,
				220B851526AC8AA200081536 /* DrawableMarkdownViewController.ObserveTyping.swift */,
				22C9F5DE26AB99BE003FD426 /* DocumentSelectionDelegate.swift */,
				2215B88826ADB27600D2A0AE /* NoDocumentView.swift */,
				22C9F5F826AB9DCA003FD426 /* Conduits */,
				220B852626AC989700081536 /* KeyboardViewController */,
				220B852B26AC9AB700081536 /* CanvasViewController */,
			);
			path = DrawableMarkdownViewController;
			sourceTree = "<group>";
		};
		22C9F60026ABA4D8003FD426 /* StyledMarkdownDocument */ = {
			isa = PBXGroup;
			children = (
				22C9F5FE26ABA27F003FD426 /* StyledMarkdownDocument.swift */,
				2215B88626AD9E0600D2A0AE /* TextDocumentError.swift */,
			);
			path = StyledMarkdownDocument;
			sourceTree = "<group>";
		};
		22CA376226A0C46600E95009 /* GestureRecognition */ = {
			isa = PBXGroup;
			children = (
				22CA376326A0C4B200E95009 /* PMShape.swift */,
				22CA376526A0C52000E95009 /* Interpret.swift */,
				22CA376726A0C58D00E95009 /* ThreePointAngle.swift */,
				22CA376926A0C86400E95009 /* StraightLine.swift */,
			);
			path = GestureRecognition;
			sourceTree = "<group>";
		};
		22DA140F269DE06600D90EA7 /* PencilMarkReduxTests */ = {
			isa = PBXGroup;
			children = (
				22DA1412269DE06600D90EA7 /* Info.plist */,
			);
			path = PencilMarkReduxTests;
			sourceTree = "<group>";
		};
		22E6BE9F26CEAEF30000A3B3 /* Eraser */ = {
			isa = PBXGroup;
			children = (
				22E6BEA026CEAF110000A3B3 /* CGPoint.distance.swift */,
				22E6BEA226CEAF2E0000A3B3 /* CGRect.intersects.swift */,
				22E6BEA426CEAF550000A3B3 /* Circle.swift */,
				22E6BEA626CEAF6C0000A3B3 /* FragmentModel.swift */,
				22E6BEA826CEAFA60000A3B3 /* LineFragment.swift */,
				22E6BEAA26CEB0130000A3B3 /* UITextView.allGlyphs.swift */,
			);
			path = Eraser;
			sourceTree = "<group>";
		};
		22F70B3D26AE4AEF00CC8935 /* Misc */ = {
			isa = PBXGroup;
			children = (
				22F70B3E26AE4B0300CC8935 /* NewDocumentURL.swift */,
				22AF74D4269BABF4007D9891 /* Extensions */,
			);
			path = Misc;
			sourceTree = "<group>";
		};
/* End PBXGroup section */

/* Begin PBXNativeTarget section */
		22AF74B5269BA5F1007D9891 /* PencilMarkRedux */ = {
			isa = PBXNativeTarget;
			buildConfigurationList = 22AF74C5269BA5F2007D9891 /* Build configuration list for PBXNativeTarget "PencilMarkRedux" */;
			buildPhases = (
				22AF74B2269BA5F1007D9891 /* Sources */,
				22AF74B3269BA5F1007D9891 /* Frameworks */,
				22AF74B4269BA5F1007D9891 /* Resources */,
			);
			buildRules = (
			);
			dependencies = (
			);
			name = PencilMarkRedux;
			packageProductDependencies = (
				2215B88426AD13CB00D2A0AE /* PMAST */,
			);
			productName = PencilMarkRedux;
			productReference = 22CDCB0F269BBD6F00988085 /* PencilMarkRedux.app */;
			productType = "com.apple.product-type.application";
		};
		22DA140D269DE06600D90EA7 /* PencilMarkReduxTests */ = {
			isa = PBXNativeTarget;
			buildConfigurationList = 22DA1415269DE06600D90EA7 /* Build configuration list for PBXNativeTarget "PencilMarkReduxTests" */;
			buildPhases = (
				22DA140A269DE06600D90EA7 /* Sources */,
				22DA140B269DE06600D90EA7 /* Frameworks */,
				22DA140C269DE06600D90EA7 /* Resources */,
			);
			buildRules = (
			);
			dependencies = (
				22DA1414269DE06600D90EA7 /* PBXTargetDependency */,
			);
			name = PencilMarkReduxTests;
			productName = PencilMarkReduxTests;
			productReference = 22DA140E269DE06600D90EA7 /* PencilMarkReduxTests.xctest */;
			productType = "com.apple.product-type.bundle.unit-test";
		};
/* End PBXNativeTarget section */

/* Begin PBXProject section */
		22AF74AE269BA5F0007D9891 /* Project object */ = {
			isa = PBXProject;
			attributes = {
				LastSwiftUpdateCheck = 1250;
				LastUpgradeCheck = 1250;
				TargetAttributes = {
					22AF74B5269BA5F1007D9891 = {
						CreatedOnToolsVersion = 12.5;
					};
					22DA140D269DE06600D90EA7 = {
						CreatedOnToolsVersion = 12.5;
						TestTargetID = 22AF74B5269BA5F1007D9891;
					};
				};
			};
			buildConfigurationList = 22AF74B1269BA5F0007D9891 /* Build configuration list for PBXProject "PencilMarkRedux" */;
			compatibilityVersion = "Xcode 9.3";
			developmentRegion = en;
			hasScannedForEncodings = 0;
			knownRegions = (
				en,
				Base,
			);
			mainGroup = 22AF74AD269BA5F0007D9891;
			packageReferences = (
			);
			productRefGroup = 22AF74AD269BA5F0007D9891;
			projectDirPath = "";
			projectRoot = "";
			targets = (
				22AF74B5269BA5F1007D9891 /* PencilMarkRedux */,
				22DA140D269DE06600D90EA7 /* PencilMarkReduxTests */,
			);
		};
/* End PBXProject section */

/* Begin PBXResourcesBuildPhase section */
		22AF74B4269BA5F1007D9891 /* Resources */ = {
			isa = PBXResourcesBuildPhase;
			buildActionMask = 2147483647;
			files = (
				2228357D26C733A50026D468 /* Scribble.mp4 in Resources */,
				22AF74C1269BA5F2007D9891 /* Preview Assets.xcassets in Resources */,
				2228357B26C72A810026D468 /* Example.mp4 in Resources */,
				22AF74BE269BA5F2007D9891 /* Assets.xcassets in Resources */,
				2228357826C7283A0026D468 /* Strike.mp4 in Resources */,
				22C9F5D826AB934B003FD426 /* Main.storyboard in Resources */,
			);
			runOnlyForDeploymentPostprocessing = 0;
		};
		22DA140C269DE06600D90EA7 /* Resources */ = {
			isa = PBXResourcesBuildPhase;
			buildActionMask = 2147483647;
			files = (
			);
			runOnlyForDeploymentPostprocessing = 0;
		};
/* End PBXResourcesBuildPhase section */

/* Begin PBXSourcesBuildPhase section */
		22AF74B2269BA5F1007D9891 /* Sources */ = {
			isa = PBXSourcesBuildPhase;
			buildActionMask = 2147483647;
			files = (
				22CA376626A0C52000E95009 /* Interpret.swift in Sources */,
				222835A126C8A4E70026D468 /* DrawableMarkdownViewController.Document.swift in Sources */,
				22C9F5F326AB9A57003FD426 /* iCloudBrokenView.swift in Sources */,
				225D7AFD26C30FDB0005A543 /* TutorialMenuViewController.swift in Sources */,
				229B6D0926B776120096FE45 /* ViewController_UIStateRestoring.swift in Sources */,
				220B852126AC90FC00081536 /* KeyboardViewController.ObserveStrokes.swift in Sources */,
				220B851226AC844D00081536 /* DrawableMarkdownViewController.swift in Sources */,
				22CF007B26A516F400A12F88 /* CommandConduit.swift in Sources */,
				2228357426C4A8BD0026D468 /* Tool.swift in Sources */,
				22C767BD26CB39EA000BAD55 /* Tutorial.swift in Sources */,
				22E85316269CCF8500E82CE4 /* NSRange_Intersects.swift in Sources */,
				22C9F5DA26AB98AD003FD426 /* ViewController.swift in Sources */,
				22CA377A26A22B9300E95009 /* PMCanvasView.swift in Sources */,
				22C9F5D226AB9215003FD426 /* AppDelegate.swift in Sources */,
				220B852F26AC9C1C00081536 /* CanvasViewController.ObserveSize.swift in Sources */,
				22C035C526B1AFE20027D3EE /* RefreshablePlaceholderViewController.swift in Sources */,
				220B852D26AC9AC000081536 /* CanvasViewController.swift in Sources */,
				22C9F5E126AB99BE003FD426 /* DocumentSelectionDelegate.swift in Sources */,
				22F70B3626AE263600CC8935 /* Notification.edgeInsets.swift in Sources */,
				229B6D0B26B7765C0096FE45 /* ViewController_UISplitViewControllerDelegate.swift in Sources */,
				229B6D1426B97DB30096FE45 /* ActivityInfo.swift in Sources */,
				22E6BEA726CEAF6C0000A3B3 /* FragmentModel.swift in Sources */,
				22E6BEA326CEAF2E0000A3B3 /* CGRect.intersects.swift in Sources */,
				22CA377826A215BF00E95009 /* FrameConduit.swift in Sources */,
				220B851626AC8AA200081536 /* DrawableMarkdownViewController.ObserveTyping.swift in Sources */,
				2228357626C6F3E90026D468 /* SplitConduit.swift in Sources */,
				220B852526AC978200081536 /* KeyboardViewController.ObserveTouches.swift in Sources */,
				2214E13C269CAC3B0046EF32 /* String_Subscript.swift in Sources */,
				2215B88726AD9E0600D2A0AE /* TextDocumentError.swift in Sources */,
				22CA376C26A0D97C00E95009 /* PKStrokePath_Path.swift in Sources */,
				220B851026AC819A00081536 /* KeyboardViewController.swift in Sources */,
				220B852326AC973700081536 /* KeyboardViewController_UITextViewDelegate.swift in Sources */,
				22E6BEA526CEAF550000A3B3 /* Circle.swift in Sources */,
				22E6BEA926CEAFA70000A3B3 /* LineFragment.swift in Sources */,
				22E6BEA126CEAF110000A3B3 /* CGPoint.distance.swift in Sources */,
				22F70B3F26AE4B0300CC8935 /* NewDocumentURL.swift in Sources */,
				22E85321269CD8FD00E82CE4 /* UITextRange_NSRange.swift in Sources */,
				222835A526C994EE0026D468 /* DrawableMarkdownViewController.Toolbar.swift in Sources */,
				22F70B3A26AE2BD900CC8935 /* UIViewController.toolbarHeight.swift in Sources */,
				229B6D0F26B8CE6B0096FE45 /* DrawableMarkdownViewController.willEnterBackground.swift in Sources */,
				22AF74DB269BAC64007D9891 /* PKStrokePoint_Init.swift in Sources */,
				22AF74D3269BABA1007D9891 /* StrokeConduit.swift in Sources */,
				2228356D26C49D030026D468 /* VideoViewController.swift in Sources */,
				2228359F26C8A4A40026D468 /* DrawableMarkdownViewController.restoreState.swift in Sources */,
				220B853126AC9C5C00081536 /* CanvasViewController_PKCanvasViewDelegate.swift in Sources */,
				220B853326AC9CAB00081536 /* CanvasViewController_UIScrollViewDelegate.swift in Sources */,
				229B6D1626B980100096FE45 /* StateModel.swift in Sources */,
				22C767BF26CB3AA8000BAD55 /* Tool.Pencil.swift in Sources */,
				22F70B3226ADF2D700CC8935 /* CanvasViewController.ObserveScroll.swift in Sources */,
				22C9F5F126AB9A57003FD426 /* FilesView.swift in Sources */,
				22CA376A26A0C86400E95009 /* StraightLine.swift in Sources */,
				22CF007726A5099500A12F88 /* ScribbleBlockers.swift in Sources */,
				229B6D1226B97D8C0096FE45 /* ActivityType.swift in Sources */,
				22C767C126CB3ADA000BAD55 /* Tool.Eraser.swift in Sources */,
				22C9F5D426AB92D5003FD426 /* SceneDelegate.swift in Sources */,
				22CA376826A0C58D00E95009 /* ThreePointAngle.swift in Sources */,
				2215B88926ADB27600D2A0AE /* NoDocumentView.swift in Sources */,
				22F70B2A26ADD15200CC8935 /* KeyboardViewController.AdjustForKeyboard.swift in Sources */,
				220B852826AC990200081536 /* PMTextView.swift in Sources */,
				220B852A26AC998C00081536 /* KeyboardViewController.ObserveCommands.swift in Sources */,
				22F70B3026ADF2A400CC8935 /* KeyboardViewController_UIScrollViewDelegate.swift in Sources */,
				22C9F5F026AB9A57003FD426 /* FilesViewController.swift in Sources */,
				229B6D0D26B7782F0096FE45 /* SceneDelegate_StateRestoration.swift in Sources */,
				22C9F5FF26ABA27F003FD426 /* StyledMarkdownDocument.swift in Sources */,
				22C767C326CB612A000BAD55 /* KeyboardViewController.ObserveEraser.swift in Sources */,
				22C9F5F726AB9AC2003FD426 /* FileBrowserViewController.swift in Sources */,
				22F70B3426AE253D00CC8935 /* CanvasViewController.AdjustForKeyboard.swift in Sources */,
				229B6D0526B754A90096FE45 /* UIBarButtonItem.menuButton.swift in Sources */,
				229B6D0126B460FA0096FE45 /* UIFont.dynamicSize.swift in Sources */,
				22C9F5F226AB9A57003FD426 /* FilesViewController_UITableViewDataSource.swift in Sources */,
				22C9F5F426AB9A57003FD426 /* EmptyFolderView.swift in Sources */,
				22C9F5EF26AB9A57003FD426 /* FolderViewController.swift in Sources */,
				22F70B3826AE28E900CC8935 /* FilesViewController.AdjustForKeyboard.swift in Sources */,
				22CA376426A0C4B200E95009 /* PMShape.swift in Sources */,
				22E6BEAB26CEB0130000A3B3 /* UITextView.allGlyphs.swift in Sources */,
				220B851926AC8BBD00081536 /* PMViewController.swift in Sources */,
				22AF74D9269BAC37007D9891 /* PKStroke_Init.swift in Sources */,
				22C9F5E426AB99F1003FD426 /* URL.isDirectory.swift in Sources */,
				220B851B26AC8C8B00081536 /* UIViewController.adopt.swift in Sources */,
				229B6D0326B467D10096FE45 /* CanvasViewController.UndoManager.swift in Sources */,
				22CA376E26A0D99F00E95009 /* Path_BezierCurve.swift in Sources */,
				222835A326C8A53E0026D468 /* DrawableMarkdownViewController.Buttons.swift in Sources */,
				220B851426AC898C00081536 /* KeyboardViewController.ObserveTyping.swift in Sources */,
				22C9F5F526AB9A57003FD426 /* FilesViewController.Refresh.swift in Sources */,
				22C9F5E626AB9A27003FD426 /* Constants.swift in Sources */,
			);
			runOnlyForDeploymentPostprocessing = 0;
		};
		22DA140A269DE06600D90EA7 /* Sources */ = {
			isa = PBXSourcesBuildPhase;
			buildActionMask = 2147483647;
			files = (
			);
			runOnlyForDeploymentPostprocessing = 0;
		};
/* End PBXSourcesBuildPhase section */

/* Begin PBXTargetDependency section */
		22DA1414269DE06600D90EA7 /* PBXTargetDependency */ = {
			isa = PBXTargetDependency;
			target = 22AF74B5269BA5F1007D9891 /* PencilMarkRedux */;
			targetProxy = 22DA1413269DE06600D90EA7 /* PBXContainerItemProxy */;
		};
/* End PBXTargetDependency section */

/* Begin XCBuildConfiguration section */
		22AF74C3269BA5F2007D9891 /* Debug */ = {
			isa = XCBuildConfiguration;
			buildSettings = {
				ALWAYS_SEARCH_USER_PATHS = NO;
				CLANG_ANALYZER_NONNULL = YES;
				CLANG_ANALYZER_NUMBER_OBJECT_CONVERSION = YES_AGGRESSIVE;
				CLANG_CXX_LANGUAGE_STANDARD = "gnu++14";
				CLANG_CXX_LIBRARY = "libc++";
				CLANG_ENABLE_MODULES = YES;
				CLANG_ENABLE_OBJC_ARC = YES;
				CLANG_ENABLE_OBJC_WEAK = YES;
				CLANG_WARN_BLOCK_CAPTURE_AUTORELEASING = YES;
				CLANG_WARN_BOOL_CONVERSION = YES;
				CLANG_WARN_COMMA = YES;
				CLANG_WARN_CONSTANT_CONVERSION = YES;
				CLANG_WARN_DEPRECATED_OBJC_IMPLEMENTATIONS = YES;
				CLANG_WARN_DIRECT_OBJC_ISA_USAGE = YES_ERROR;
				CLANG_WARN_DOCUMENTATION_COMMENTS = YES;
				CLANG_WARN_EMPTY_BODY = YES;
				CLANG_WARN_ENUM_CONVERSION = YES;
				CLANG_WARN_INFINITE_RECURSION = YES;
				CLANG_WARN_INT_CONVERSION = YES;
				CLANG_WARN_NON_LITERAL_NULL_CONVERSION = YES;
				CLANG_WARN_OBJC_IMPLICIT_RETAIN_SELF = YES;
				CLANG_WARN_OBJC_LITERAL_CONVERSION = YES;
				CLANG_WARN_OBJC_ROOT_CLASS = YES_ERROR;
				CLANG_WARN_QUOTED_INCLUDE_IN_FRAMEWORK_HEADER = YES;
				CLANG_WARN_RANGE_LOOP_ANALYSIS = YES;
				CLANG_WARN_STRICT_PROTOTYPES = YES;
				CLANG_WARN_SUSPICIOUS_MOVE = YES;
				CLANG_WARN_UNGUARDED_AVAILABILITY = YES_AGGRESSIVE;
				CLANG_WARN_UNREACHABLE_CODE = YES;
				CLANG_WARN__DUPLICATE_METHOD_MATCH = YES;
				COPY_PHASE_STRIP = NO;
				DEBUG_INFORMATION_FORMAT = dwarf;
				ENABLE_STRICT_OBJC_MSGSEND = YES;
				ENABLE_TESTABILITY = YES;
				GCC_C_LANGUAGE_STANDARD = gnu11;
				GCC_DYNAMIC_NO_PIC = NO;
				GCC_NO_COMMON_BLOCKS = YES;
				GCC_OPTIMIZATION_LEVEL = 0;
				GCC_PREPROCESSOR_DEFINITIONS = (
					"DEBUG=1",
					"$(inherited)",
				);
				GCC_WARN_64_TO_32_BIT_CONVERSION = YES;
				GCC_WARN_ABOUT_RETURN_TYPE = YES_ERROR;
				GCC_WARN_UNDECLARED_SELECTOR = YES;
				GCC_WARN_UNINITIALIZED_AUTOS = YES_AGGRESSIVE;
				GCC_WARN_UNUSED_FUNCTION = YES;
				GCC_WARN_UNUSED_VARIABLE = YES;
				IPHONEOS_DEPLOYMENT_TARGET = 14.5;
				MTL_ENABLE_DEBUG_INFO = INCLUDE_SOURCE;
				MTL_FAST_MATH = YES;
				ONLY_ACTIVE_ARCH = YES;
				SDKROOT = iphoneos;
				SWIFT_ACTIVE_COMPILATION_CONDITIONS = DEBUG;
				SWIFT_OPTIMIZATION_LEVEL = "-Onone";
			};
			name = Debug;
		};
		22AF74C4269BA5F2007D9891 /* Release */ = {
			isa = XCBuildConfiguration;
			buildSettings = {
				ALWAYS_SEARCH_USER_PATHS = NO;
				CLANG_ANALYZER_NONNULL = YES;
				CLANG_ANALYZER_NUMBER_OBJECT_CONVERSION = YES_AGGRESSIVE;
				CLANG_CXX_LANGUAGE_STANDARD = "gnu++14";
				CLANG_CXX_LIBRARY = "libc++";
				CLANG_ENABLE_MODULES = YES;
				CLANG_ENABLE_OBJC_ARC = YES;
				CLANG_ENABLE_OBJC_WEAK = YES;
				CLANG_WARN_BLOCK_CAPTURE_AUTORELEASING = YES;
				CLANG_WARN_BOOL_CONVERSION = YES;
				CLANG_WARN_COMMA = YES;
				CLANG_WARN_CONSTANT_CONVERSION = YES;
				CLANG_WARN_DEPRECATED_OBJC_IMPLEMENTATIONS = YES;
				CLANG_WARN_DIRECT_OBJC_ISA_USAGE = YES_ERROR;
				CLANG_WARN_DOCUMENTATION_COMMENTS = YES;
				CLANG_WARN_EMPTY_BODY = YES;
				CLANG_WARN_ENUM_CONVERSION = YES;
				CLANG_WARN_INFINITE_RECURSION = YES;
				CLANG_WARN_INT_CONVERSION = YES;
				CLANG_WARN_NON_LITERAL_NULL_CONVERSION = YES;
				CLANG_WARN_OBJC_IMPLICIT_RETAIN_SELF = YES;
				CLANG_WARN_OBJC_LITERAL_CONVERSION = YES;
				CLANG_WARN_OBJC_ROOT_CLASS = YES_ERROR;
				CLANG_WARN_QUOTED_INCLUDE_IN_FRAMEWORK_HEADER = YES;
				CLANG_WARN_RANGE_LOOP_ANALYSIS = YES;
				CLANG_WARN_STRICT_PROTOTYPES = YES;
				CLANG_WARN_SUSPICIOUS_MOVE = YES;
				CLANG_WARN_UNGUARDED_AVAILABILITY = YES_AGGRESSIVE;
				CLANG_WARN_UNREACHABLE_CODE = YES;
				CLANG_WARN__DUPLICATE_METHOD_MATCH = YES;
				COPY_PHASE_STRIP = NO;
				DEBUG_INFORMATION_FORMAT = "dwarf-with-dsym";
				ENABLE_NS_ASSERTIONS = NO;
				ENABLE_STRICT_OBJC_MSGSEND = YES;
				GCC_C_LANGUAGE_STANDARD = gnu11;
				GCC_NO_COMMON_BLOCKS = YES;
				GCC_WARN_64_TO_32_BIT_CONVERSION = YES;
				GCC_WARN_ABOUT_RETURN_TYPE = YES_ERROR;
				GCC_WARN_UNDECLARED_SELECTOR = YES;
				GCC_WARN_UNINITIALIZED_AUTOS = YES_AGGRESSIVE;
				GCC_WARN_UNUSED_FUNCTION = YES;
				GCC_WARN_UNUSED_VARIABLE = YES;
				IPHONEOS_DEPLOYMENT_TARGET = 14.5;
				MTL_ENABLE_DEBUG_INFO = NO;
				MTL_FAST_MATH = YES;
				SDKROOT = iphoneos;
				SWIFT_COMPILATION_MODE = wholemodule;
				SWIFT_OPTIMIZATION_LEVEL = "-O";
				VALIDATE_PRODUCT = YES;
			};
			name = Release;
		};
		22AF74C6269BA5F2007D9891 /* Debug */ = {
			isa = XCBuildConfiguration;
			buildSettings = {
				ASSETCATALOG_COMPILER_APPICON_NAME = AppIcon;
				ASSETCATALOG_COMPILER_GLOBAL_ACCENT_COLOR_NAME = AccentColor;
				CODE_SIGN_ENTITLEMENTS = PencilMarkRedux/PencilMarkRedux.entitlements;
				CODE_SIGN_IDENTITY = "Apple Development";
				CODE_SIGN_STYLE = Automatic;
				CURRENT_PROJECT_VERSION = 5;
				DEVELOPMENT_ASSET_PATHS = "\"PencilMarkRedux/Preview Content\"";
				DEVELOPMENT_TEAM = 949D776DFQ;
				ENABLE_PREVIEWS = YES;
				INFOPLIST_FILE = PencilMarkRedux/Info.plist;
				IPHONEOS_DEPLOYMENT_TARGET = 14.0;
				LD_RUNPATH_SEARCH_PATHS = (
					"$(inherited)",
					"@executable_path/Frameworks",
				);
				MARKETING_VERSION = 2021.08.07;
				PRODUCT_BUNDLE_IDENTIFIER = "-.PencilMark";
				PRODUCT_NAME = "$(TARGET_NAME)";
				PROVISIONING_PROFILE_SPECIFIER = "";
				SWIFT_VERSION = 5.0;
				TARGETED_DEVICE_FAMILY = 2;
			};
			name = Debug;
		};
		22AF74C7269BA5F2007D9891 /* Release */ = {
			isa = XCBuildConfiguration;
			buildSettings = {
				ASSETCATALOG_COMPILER_APPICON_NAME = AppIcon;
				ASSETCATALOG_COMPILER_GLOBAL_ACCENT_COLOR_NAME = AccentColor;
				CODE_SIGN_ENTITLEMENTS = PencilMarkRedux/PencilMarkRedux.entitlements;
				CODE_SIGN_IDENTITY = "Apple Development";
				CODE_SIGN_STYLE = Automatic;
				CURRENT_PROJECT_VERSION = 5;
				DEVELOPMENT_ASSET_PATHS = "\"PencilMarkRedux/Preview Content\"";
				DEVELOPMENT_TEAM = 949D776DFQ;
				ENABLE_PREVIEWS = YES;
				INFOPLIST_FILE = PencilMarkRedux/Info.plist;
				IPHONEOS_DEPLOYMENT_TARGET = 14.0;
				LD_RUNPATH_SEARCH_PATHS = (
					"$(inherited)",
					"@executable_path/Frameworks",
				);
				MARKETING_VERSION = 2021.08.07;
				PRODUCT_BUNDLE_IDENTIFIER = "-.PencilMark";
				PRODUCT_NAME = "$(TARGET_NAME)";
				PROVISIONING_PROFILE_SPECIFIER = "";
				SWIFT_VERSION = 5.0;
				TARGETED_DEVICE_FAMILY = 2;
			};
			name = Release;
		};
		22DA1416269DE06600D90EA7 /* Debug */ = {
			isa = XCBuildConfiguration;
			buildSettings = {
				BUNDLE_LOADER = "$(TEST_HOST)";
				CODE_SIGN_STYLE = Automatic;
				DEVELOPMENT_TEAM = 949D776DFQ;
				INFOPLIST_FILE = PencilMarkReduxTests/Info.plist;
				LD_RUNPATH_SEARCH_PATHS = (
					"$(inherited)",
					"@executable_path/Frameworks",
					"@loader_path/Frameworks",
				);
				PRODUCT_BUNDLE_IDENTIFIER = "-.PencilMarkReduxTests";
				PRODUCT_NAME = "$(TARGET_NAME)";
				SWIFT_VERSION = 5.0;
				TARGETED_DEVICE_FAMILY = "1,2";
				TEST_HOST = "$(BUILT_PRODUCTS_DIR)/PencilMarkRedux.app/PencilMarkRedux";
			};
			name = Debug;
		};
		22DA1417269DE06600D90EA7 /* Release */ = {
			isa = XCBuildConfiguration;
			buildSettings = {
				BUNDLE_LOADER = "$(TEST_HOST)";
				CODE_SIGN_STYLE = Automatic;
				DEVELOPMENT_TEAM = 949D776DFQ;
				INFOPLIST_FILE = PencilMarkReduxTests/Info.plist;
				LD_RUNPATH_SEARCH_PATHS = (
					"$(inherited)",
					"@executable_path/Frameworks",
					"@loader_path/Frameworks",
				);
				PRODUCT_BUNDLE_IDENTIFIER = "-.PencilMarkReduxTests";
				PRODUCT_NAME = "$(TARGET_NAME)";
				SWIFT_VERSION = 5.0;
				TARGETED_DEVICE_FAMILY = "1,2";
				TEST_HOST = "$(BUILT_PRODUCTS_DIR)/PencilMarkRedux.app/PencilMarkRedux";
			};
			name = Release;
		};
/* End XCBuildConfiguration section */

/* Begin XCConfigurationList section */
		22AF74B1269BA5F0007D9891 /* Build configuration list for PBXProject "PencilMarkRedux" */ = {
			isa = XCConfigurationList;
			buildConfigurations = (
				22AF74C3269BA5F2007D9891 /* Debug */,
				22AF74C4269BA5F2007D9891 /* Release */,
			);
			defaultConfigurationIsVisible = 0;
			defaultConfigurationName = Release;
		};
		22AF74C5269BA5F2007D9891 /* Build configuration list for PBXNativeTarget "PencilMarkRedux" */ = {
			isa = XCConfigurationList;
			buildConfigurations = (
				22AF74C6269BA5F2007D9891 /* Debug */,
				22AF74C7269BA5F2007D9891 /* Release */,
			);
			defaultConfigurationIsVisible = 0;
			defaultConfigurationName = Release;
		};
		22DA1415269DE06600D90EA7 /* Build configuration list for PBXNativeTarget "PencilMarkReduxTests" */ = {
			isa = XCConfigurationList;
			buildConfigurations = (
				22DA1416269DE06600D90EA7 /* Debug */,
				22DA1417269DE06600D90EA7 /* Release */,
			);
			defaultConfigurationIsVisible = 0;
			defaultConfigurationName = Release;
		};
/* End XCConfigurationList section */

/* Begin XCSwiftPackageProductDependency section */
		2215B88426AD13CB00D2A0AE /* PMAST */ = {
			isa = XCSwiftPackageProductDependency;
			productName = PMAST;
		};
/* End XCSwiftPackageProductDependency section */
	};
	rootObject = 22AF74AE269BA5F0007D9891 /* Project object */;
}
