// !$*UTF8*$!
{
	archiveVersion = 1;
	classes = {
	};
	objectVersion = 52;
	objects = {

/* Begin PBXBuildFile section */
		2214E122269BDC1B0046EF32 /* Delete.swift in Sources */ = {isa = PBXBuildFile; fileRef = 2214E121269BDBCE0046EF32 /* Delete.swift */; };
		2214E124269C80860046EF32 /* Content.swift in Sources */ = {isa = PBXBuildFile; fileRef = 2214E123269C80860046EF32 /* Content.swift */; };
		2214E126269C80950046EF32 /* Literal.swift in Sources */ = {isa = PBXBuildFile; fileRef = 2214E125269C80950046EF32 /* Literal.swift */; };
		2214E128269C80AD0046EF32 /* Text.swift in Sources */ = {isa = PBXBuildFile; fileRef = 2214E127269C80AD0046EF32 /* Text.swift */; };
		2214E12A269C80E10046EF32 /* Paragraph.swift in Sources */ = {isa = PBXBuildFile; fileRef = 2214E129269C80E10046EF32 /* Paragraph.swift */; };
		2214E12C269C80F40046EF32 /* ThematicBreak.swift in Sources */ = {isa = PBXBuildFile; fileRef = 2214E12B269C80F40046EF32 /* ThematicBreak.swift */; };
		2214E12E269C80FE0046EF32 /* ListItem.swift in Sources */ = {isa = PBXBuildFile; fileRef = 2214E12D269C80FE0046EF32 /* ListItem.swift */; };
		2214E132269C84D70046EF32 /* LineStyle.swift in Sources */ = {isa = PBXBuildFile; fileRef = 2214E131269C84D70046EF32 /* LineStyle.swift */; };
		2214E134269C85750046EF32 /* StyledMarkdown.swift in Sources */ = {isa = PBXBuildFile; fileRef = 2214E133269C85750046EF32 /* StyledMarkdown.swift */; };
		2214E137269C8FD70046EF32 /* OrderedCollections in Frameworks */ = {isa = PBXBuildFile; productRef = 2214E136269C8FD70046EF32 /* OrderedCollections */; };
		2214E13A269C99FE0046EF32 /* StyledMarkdown.Change.swift in Sources */ = {isa = PBXBuildFile; fileRef = 2214E139269C99FD0046EF32 /* StyledMarkdown.Change.swift */; };
		2214E13C269CAC3B0046EF32 /* String_Subscript.swift in Sources */ = {isa = PBXBuildFile; fileRef = 2214E13B269CAC3B0046EF32 /* String_Subscript.swift */; };
		22AF74BA269BA5F1007D9891 /* PencilMarkReduxApp.swift in Sources */ = {isa = PBXBuildFile; fileRef = 22AF74B9269BA5F1007D9891 /* PencilMarkReduxApp.swift */; };
		22AF74BC269BA5F1007D9891 /* ContentView.swift in Sources */ = {isa = PBXBuildFile; fileRef = 22AF74BB269BA5F1007D9891 /* ContentView.swift */; };
		22AF74BE269BA5F2007D9891 /* Assets.xcassets in Resources */ = {isa = PBXBuildFile; fileRef = 22AF74BD269BA5F2007D9891 /* Assets.xcassets */; };
		22AF74C1269BA5F2007D9891 /* Preview Assets.xcassets in Resources */ = {isa = PBXBuildFile; fileRef = 22AF74C0269BA5F2007D9891 /* Preview Assets.xcassets */; };
		22AF74C9269BA612007D9891 /* KeyboardEditorViewController.swift in Sources */ = {isa = PBXBuildFile; fileRef = 22AF74C8269BA612007D9891 /* KeyboardEditorViewController.swift */; };
		22AF74CB269BA64A007D9891 /* KeyboardEditorView.swift in Sources */ = {isa = PBXBuildFile; fileRef = 22AF74CA269BA64A007D9891 /* KeyboardEditorView.swift */; };
		22AF74CD269BA795007D9891 /* CanvasView.swift in Sources */ = {isa = PBXBuildFile; fileRef = 22AF74CC269BA795007D9891 /* CanvasView.swift */; };
		22AF74CF269BA79E007D9891 /* CanvasViewController.swift in Sources */ = {isa = PBXBuildFile; fileRef = 22AF74CE269BA79E007D9891 /* CanvasViewController.swift */; };
		22AF74D1269BA9ED007D9891 /* CanvasView.Coordinator.swift in Sources */ = {isa = PBXBuildFile; fileRef = 22AF74D0269BA9ED007D9891 /* CanvasView.Coordinator.swift */; };
		22AF74D3269BABA1007D9891 /* StrokeConduit.swift in Sources */ = {isa = PBXBuildFile; fileRef = 22AF74D2269BABA1007D9891 /* StrokeConduit.swift */; };
		22AF74D9269BAC37007D9891 /* PKStroke_Init.swift in Sources */ = {isa = PBXBuildFile; fileRef = 22AF74D8269BAC37007D9891 /* PKStroke_Init.swift */; };
		22AF74DB269BAC64007D9891 /* PKStrokePoint_Init.swift in Sources */ = {isa = PBXBuildFile; fileRef = 22AF74DA269BAC64007D9891 /* PKStrokePoint_Init.swift */; };
		22AF74E4269BB882007D9891 /* main.js in Resources */ = {isa = PBXBuildFile; fileRef = 22AF74E3269BB882007D9891 /* main.js */; };
		22AF74E6269BB91D007D9891 /* Parser.swift in Sources */ = {isa = PBXBuildFile; fileRef = 22AF74E5269BB91D007D9891 /* Parser.swift */; };
		22CDCB12269BC71200988085 /* Point.swift in Sources */ = {isa = PBXBuildFile; fileRef = 22CDCB11269BC71200988085 /* Point.swift */; };
		22CDCB14269BC73200988085 /* Position.swift in Sources */ = {isa = PBXBuildFile; fileRef = 22CDCB13269BC73200988085 /* Position.swift */; };
		22CDCB16269BC74700988085 /* Node.swift in Sources */ = {isa = PBXBuildFile; fileRef = 22CDCB15269BC74700988085 /* Node.swift */; };
		22CDCB18269BC75C00988085 /* Heading.swift in Sources */ = {isa = PBXBuildFile; fileRef = 22CDCB17269BC75C00988085 /* Heading.swift */; };
		22CDCB1A269BCB3700988085 /* Root.swift in Sources */ = {isa = PBXBuildFile; fileRef = 22CDCB19269BCB3700988085 /* Root.swift */; };
		22CDCB1C269BCB4E00988085 /* List.swift in Sources */ = {isa = PBXBuildFile; fileRef = 22CDCB1B269BCB4E00988085 /* List.swift */; };
		22E85316269CCF8500E82CE4 /* NSRange_Intersects.swift in Sources */ = {isa = PBXBuildFile; fileRef = 22E85315269CCF8500E82CE4 /* NSRange_Intersects.swift */; };
		22E85319269CD60A00E82CE4 /* Node_Equatable.swift in Sources */ = {isa = PBXBuildFile; fileRef = 22E85318269CD60A00E82CE4 /* Node_Equatable.swift */; };
		22E8531B269CD61F00E82CE4 /* Node_Hashable.swift in Sources */ = {isa = PBXBuildFile; fileRef = 22E8531A269CD61F00E82CE4 /* Node_Hashable.swift */; };
		22E8531D269CD64100E82CE4 /* Content_Construct.swift in Sources */ = {isa = PBXBuildFile; fileRef = 22E8531C269CD64100E82CE4 /* Content_Construct.swift */; };
		22E8531F269CD74700E82CE4 /* StyledMarkdown_FileDocument.swift in Sources */ = {isa = PBXBuildFile; fileRef = 22E8531E269CD74700E82CE4 /* StyledMarkdown_FileDocument.swift */; };
		22E85321269CD8FD00E82CE4 /* UITextRange_NSRange.swift in Sources */ = {isa = PBXBuildFile; fileRef = 22E85320269CD8FD00E82CE4 /* UITextRange_NSRange.swift */; };
/* End PBXBuildFile section */

/* Begin PBXFileReference section */
		2214E121269BDBCE0046EF32 /* Delete.swift */ = {isa = PBXFileReference; lastKnownFileType = sourcecode.swift; path = Delete.swift; sourceTree = "<group>"; };
		2214E123269C80860046EF32 /* Content.swift */ = {isa = PBXFileReference; lastKnownFileType = sourcecode.swift; path = Content.swift; sourceTree = "<group>"; };
		2214E125269C80950046EF32 /* Literal.swift */ = {isa = PBXFileReference; lastKnownFileType = sourcecode.swift; path = Literal.swift; sourceTree = "<group>"; };
		2214E127269C80AD0046EF32 /* Text.swift */ = {isa = PBXFileReference; lastKnownFileType = sourcecode.swift; path = Text.swift; sourceTree = "<group>"; };
		2214E129269C80E10046EF32 /* Paragraph.swift */ = {isa = PBXFileReference; lastKnownFileType = sourcecode.swift; path = Paragraph.swift; sourceTree = "<group>"; };
		2214E12B269C80F40046EF32 /* ThematicBreak.swift */ = {isa = PBXFileReference; lastKnownFileType = sourcecode.swift; path = ThematicBreak.swift; sourceTree = "<group>"; };
		2214E12D269C80FE0046EF32 /* ListItem.swift */ = {isa = PBXFileReference; lastKnownFileType = sourcecode.swift; path = ListItem.swift; sourceTree = "<group>"; };
		2214E131269C84D70046EF32 /* LineStyle.swift */ = {isa = PBXFileReference; lastKnownFileType = sourcecode.swift; path = LineStyle.swift; sourceTree = "<group>"; };
		2214E133269C85750046EF32 /* StyledMarkdown.swift */ = {isa = PBXFileReference; lastKnownFileType = sourcecode.swift; path = StyledMarkdown.swift; sourceTree = "<group>"; };
		2214E139269C99FD0046EF32 /* StyledMarkdown.Change.swift */ = {isa = PBXFileReference; lastKnownFileType = sourcecode.swift; path = StyledMarkdown.Change.swift; sourceTree = "<group>"; };
		2214E13B269CAC3B0046EF32 /* String_Subscript.swift */ = {isa = PBXFileReference; lastKnownFileType = sourcecode.swift; path = String_Subscript.swift; sourceTree = "<group>"; };
		22AF74B9269BA5F1007D9891 /* PencilMarkReduxApp.swift */ = {isa = PBXFileReference; lastKnownFileType = sourcecode.swift; path = PencilMarkReduxApp.swift; sourceTree = "<group>"; };
		22AF74BB269BA5F1007D9891 /* ContentView.swift */ = {isa = PBXFileReference; lastKnownFileType = sourcecode.swift; path = ContentView.swift; sourceTree = "<group>"; };
		22AF74BD269BA5F2007D9891 /* Assets.xcassets */ = {isa = PBXFileReference; lastKnownFileType = folder.assetcatalog; path = Assets.xcassets; sourceTree = "<group>"; };
		22AF74C0269BA5F2007D9891 /* Preview Assets.xcassets */ = {isa = PBXFileReference; lastKnownFileType = folder.assetcatalog; path = "Preview Assets.xcassets"; sourceTree = "<group>"; };
		22AF74C2269BA5F2007D9891 /* Info.plist */ = {isa = PBXFileReference; lastKnownFileType = text.plist.xml; path = Info.plist; sourceTree = "<group>"; };
		22AF74C8269BA612007D9891 /* KeyboardEditorViewController.swift */ = {isa = PBXFileReference; lastKnownFileType = sourcecode.swift; path = KeyboardEditorViewController.swift; sourceTree = "<group>"; };
		22AF74CA269BA64A007D9891 /* KeyboardEditorView.swift */ = {isa = PBXFileReference; lastKnownFileType = sourcecode.swift; path = KeyboardEditorView.swift; sourceTree = "<group>"; };
		22AF74CC269BA795007D9891 /* CanvasView.swift */ = {isa = PBXFileReference; lastKnownFileType = sourcecode.swift; path = CanvasView.swift; sourceTree = "<group>"; };
		22AF74CE269BA79E007D9891 /* CanvasViewController.swift */ = {isa = PBXFileReference; lastKnownFileType = sourcecode.swift; path = CanvasViewController.swift; sourceTree = "<group>"; };
		22AF74D0269BA9ED007D9891 /* CanvasView.Coordinator.swift */ = {isa = PBXFileReference; lastKnownFileType = sourcecode.swift; path = CanvasView.Coordinator.swift; sourceTree = "<group>"; };
		22AF74D2269BABA1007D9891 /* StrokeConduit.swift */ = {isa = PBXFileReference; lastKnownFileType = sourcecode.swift; path = StrokeConduit.swift; sourceTree = "<group>"; };
		22AF74D8269BAC37007D9891 /* PKStroke_Init.swift */ = {isa = PBXFileReference; lastKnownFileType = sourcecode.swift; path = PKStroke_Init.swift; sourceTree = "<group>"; };
		22AF74DA269BAC64007D9891 /* PKStrokePoint_Init.swift */ = {isa = PBXFileReference; lastKnownFileType = sourcecode.swift; path = PKStrokePoint_Init.swift; sourceTree = "<group>"; };
		22AF74E3269BB882007D9891 /* main.js */ = {isa = PBXFileReference; lastKnownFileType = sourcecode.javascript; path = main.js; sourceTree = "<group>"; };
		22AF74E5269BB91D007D9891 /* Parser.swift */ = {isa = PBXFileReference; lastKnownFileType = sourcecode.swift; path = Parser.swift; sourceTree = "<group>"; };
		22CDCB0F269BBD6F00988085 /* PencilMarkRedux.app */ = {isa = PBXFileReference; explicitFileType = wrapper.application; includeInIndex = 0; path = PencilMarkRedux.app; sourceTree = BUILT_PRODUCTS_DIR; };
		22CDCB11269BC71200988085 /* Point.swift */ = {isa = PBXFileReference; lastKnownFileType = sourcecode.swift; path = Point.swift; sourceTree = "<group>"; };
		22CDCB13269BC73200988085 /* Position.swift */ = {isa = PBXFileReference; lastKnownFileType = sourcecode.swift; path = Position.swift; sourceTree = "<group>"; };
		22CDCB15269BC74700988085 /* Node.swift */ = {isa = PBXFileReference; lastKnownFileType = sourcecode.swift; path = Node.swift; sourceTree = "<group>"; };
		22CDCB17269BC75C00988085 /* Heading.swift */ = {isa = PBXFileReference; lastKnownFileType = sourcecode.swift; path = Heading.swift; sourceTree = "<group>"; };
		22CDCB19269BCB3700988085 /* Root.swift */ = {isa = PBXFileReference; lastKnownFileType = sourcecode.swift; path = Root.swift; sourceTree = "<group>"; };
		22CDCB1B269BCB4E00988085 /* List.swift */ = {isa = PBXFileReference; lastKnownFileType = sourcecode.swift; path = List.swift; sourceTree = "<group>"; };
		22E85315269CCF8500E82CE4 /* NSRange_Intersects.swift */ = {isa = PBXFileReference; lastKnownFileType = sourcecode.swift; path = NSRange_Intersects.swift; sourceTree = "<group>"; };
		22E85318269CD60A00E82CE4 /* Node_Equatable.swift */ = {isa = PBXFileReference; lastKnownFileType = sourcecode.swift; path = Node_Equatable.swift; sourceTree = "<group>"; };
		22E8531A269CD61F00E82CE4 /* Node_Hashable.swift */ = {isa = PBXFileReference; lastKnownFileType = sourcecode.swift; path = Node_Hashable.swift; sourceTree = "<group>"; };
		22E8531C269CD64100E82CE4 /* Content_Construct.swift */ = {isa = PBXFileReference; lastKnownFileType = sourcecode.swift; path = Content_Construct.swift; sourceTree = "<group>"; };
		22E8531E269CD74700E82CE4 /* StyledMarkdown_FileDocument.swift */ = {isa = PBXFileReference; lastKnownFileType = sourcecode.swift; path = StyledMarkdown_FileDocument.swift; sourceTree = "<group>"; };
		22E85320269CD8FD00E82CE4 /* UITextRange_NSRange.swift */ = {isa = PBXFileReference; lastKnownFileType = sourcecode.swift; path = UITextRange_NSRange.swift; sourceTree = "<group>"; };
/* End PBXFileReference section */

/* Begin PBXFrameworksBuildPhase section */
		22AF74B3269BA5F1007D9891 /* Frameworks */ = {
			isa = PBXFrameworksBuildPhase;
			buildActionMask = 2147483647;
			files = (
				2214E137269C8FD70046EF32 /* OrderedCollections in Frameworks */,
			);
			runOnlyForDeploymentPostprocessing = 0;
		};
/* End PBXFrameworksBuildPhase section */

/* Begin PBXGroup section */
		2214E138269C997C0046EF32 /* MDAST */ = {
			isa = PBXGroup;
			children = (
				22CDCB10269BC70600988085 /* Types */,
			);
			path = MDAST;
			sourceTree = "<group>";
		};
		22AF74AD269BA5F0007D9891 = {
			isa = PBXGroup;
			children = (
				2214E121269BDBCE0046EF32 /* Delete.swift */,
				22AF74E0269BB43A007D9891 /* Javascript */,
				22AF74D4269BABF4007D9891 /* Extensions */,
				22AF74B8269BA5F1007D9891 /* PencilMarkRedux */,
				2214E138269C997C0046EF32 /* MDAST */,
				22CDCB0F269BBD6F00988085 /* PencilMarkRedux.app */,
			);
			sourceTree = "<group>";
		};
		22AF74B8269BA5F1007D9891 /* PencilMarkRedux */ = {
			isa = PBXGroup;
			children = (
				22AF74B9269BA5F1007D9891 /* PencilMarkReduxApp.swift */,
				22AF74BB269BA5F1007D9891 /* ContentView.swift */,
				22AF74E5269BB91D007D9891 /* Parser.swift */,
				2214E133269C85750046EF32 /* StyledMarkdown.swift */,
				22E8531E269CD74700E82CE4 /* StyledMarkdown_FileDocument.swift */,
				2214E139269C99FD0046EF32 /* StyledMarkdown.Change.swift */,
				2214E131269C84D70046EF32 /* LineStyle.swift */,
				22AF74DE269BB3E3007D9891 /* KeyboardEditor */,
				22AF74DF269BB3F1007D9891 /* CanvasView */,
				22AF74D2269BABA1007D9891 /* StrokeConduit.swift */,
				22AF74BD269BA5F2007D9891 /* Assets.xcassets */,
				22AF74C2269BA5F2007D9891 /* Info.plist */,
				22AF74BF269BA5F2007D9891 /* Preview Content */,
			);
			path = PencilMarkRedux;
			sourceTree = "<group>";
		};
		22AF74BF269BA5F2007D9891 /* Preview Content */ = {
			isa = PBXGroup;
			children = (
				22AF74C0269BA5F2007D9891 /* Preview Assets.xcassets */,
			);
			path = "Preview Content";
			sourceTree = "<group>";
		};
		22AF74D4269BABF4007D9891 /* Extensions */ = {
			isa = PBXGroup;
			children = (
				2214E13B269CAC3B0046EF32 /* String_Subscript.swift */,
				22E85320269CD8FD00E82CE4 /* UITextRange_NSRange.swift */,
				22AF74D5269BABF9007D9891 /* PencilKit */,
				22E85315269CCF8500E82CE4 /* NSRange_Intersects.swift */,
			);
			path = Extensions;
			sourceTree = "<group>";
		};
		22AF74D5269BABF9007D9891 /* PencilKit */ = {
			isa = PBXGroup;
			children = (
				22AF74D8269BAC37007D9891 /* PKStroke_Init.swift */,
				22AF74DA269BAC64007D9891 /* PKStrokePoint_Init.swift */,
			);
			path = PencilKit;
			sourceTree = "<group>";
		};
		22AF74DE269BB3E3007D9891 /* KeyboardEditor */ = {
			isa = PBXGroup;
			children = (
				22AF74CA269BA64A007D9891 /* KeyboardEditorView.swift */,
				22AF74C8269BA612007D9891 /* KeyboardEditorViewController.swift */,
			);
			path = KeyboardEditor;
			sourceTree = "<group>";
		};
		22AF74DF269BB3F1007D9891 /* CanvasView */ = {
			isa = PBXGroup;
			children = (
				22AF74CC269BA795007D9891 /* CanvasView.swift */,
				22AF74D0269BA9ED007D9891 /* CanvasView.Coordinator.swift */,
				22AF74CE269BA79E007D9891 /* CanvasViewController.swift */,
			);
			path = CanvasView;
			sourceTree = "<group>";
		};
		22AF74E0269BB43A007D9891 /* Javascript */ = {
			isa = PBXGroup;
			children = (
				22AF74E2269BB875007D9891 /* dist */,
			);
			path = Javascript;
			sourceTree = "<group>";
		};
		22AF74E2269BB875007D9891 /* dist */ = {
			isa = PBXGroup;
			children = (
				22AF74E3269BB882007D9891 /* main.js */,
			);
			path = dist;
			sourceTree = "<group>";
		};
		22CDCB10269BC70600988085 /* Types */ = {
			isa = PBXGroup;
			children = (
				2214E123269C80860046EF32 /* Content.swift */,
				22E8531C269CD64100E82CE4 /* Content_Construct.swift */,
				22E85317269CD5F800E82CE4 /* Node */,
				2214E125269C80950046EF32 /* Literal.swift */,
				2214E127269C80AD0046EF32 /* Text.swift */,
				2214E129269C80E10046EF32 /* Paragraph.swift */,
				2214E12B269C80F40046EF32 /* ThematicBreak.swift */,
				2214E12D269C80FE0046EF32 /* ListItem.swift */,
				22CDCB17269BC75C00988085 /* Heading.swift */,
				22CDCB19269BCB3700988085 /* Root.swift */,
				22CDCB1B269BCB4E00988085 /* List.swift */,
				22CDCB11269BC71200988085 /* Point.swift */,
				22CDCB13269BC73200988085 /* Position.swift */,
			);
			path = Types;
			sourceTree = "<group>";
		};
		22E85317269CD5F800E82CE4 /* Node */ = {
			isa = PBXGroup;
			children = (
				22CDCB15269BC74700988085 /* Node.swift */,
				22E85318269CD60A00E82CE4 /* Node_Equatable.swift */,
				22E8531A269CD61F00E82CE4 /* Node_Hashable.swift */,
			);
			path = Node;
			sourceTree = "<group>";
		};
/* End PBXGroup section */

/* Begin PBXNativeTarget section */
		22AF74B5269BA5F1007D9891 /* PencilMarkRedux */ = {
			isa = PBXNativeTarget;
			buildConfigurationList = 22AF74C5269BA5F2007D9891 /* Build configuration list for PBXNativeTarget "PencilMarkRedux" */;
			buildPhases = (
				22AF74B2269BA5F1007D9891 /* Sources */,
				22AF74B3269BA5F1007D9891 /* Frameworks */,
				22AF74B4269BA5F1007D9891 /* Resources */,
			);
			buildRules = (
			);
			dependencies = (
			);
			name = PencilMarkRedux;
			packageProductDependencies = (
				2214E136269C8FD70046EF32 /* OrderedCollections */,
			);
			productName = PencilMarkRedux;
			productReference = 22CDCB0F269BBD6F00988085 /* PencilMarkRedux.app */;
			productType = "com.apple.product-type.application";
		};
/* End PBXNativeTarget section */

/* Begin PBXProject section */
		22AF74AE269BA5F0007D9891 /* Project object */ = {
			isa = PBXProject;
			attributes = {
				LastSwiftUpdateCheck = 1250;
				LastUpgradeCheck = 1250;
				TargetAttributes = {
					22AF74B5269BA5F1007D9891 = {
						CreatedOnToolsVersion = 12.5;
					};
				};
			};
			buildConfigurationList = 22AF74B1269BA5F0007D9891 /* Build configuration list for PBXProject "PencilMarkRedux" */;
			compatibilityVersion = "Xcode 9.3";
			developmentRegion = en;
			hasScannedForEncodings = 0;
			knownRegions = (
				en,
				Base,
			);
			mainGroup = 22AF74AD269BA5F0007D9891;
			packageReferences = (
				2214E135269C8FD70046EF32 /* XCRemoteSwiftPackageReference "swift-collections" */,
			);
			productRefGroup = 22AF74AD269BA5F0007D9891;
			projectDirPath = "";
			projectRoot = "";
			targets = (
				22AF74B5269BA5F1007D9891 /* PencilMarkRedux */,
			);
		};
/* End PBXProject section */

/* Begin PBXResourcesBuildPhase section */
		22AF74B4269BA5F1007D9891 /* Resources */ = {
			isa = PBXResourcesBuildPhase;
			buildActionMask = 2147483647;
			files = (
				22AF74E4269BB882007D9891 /* main.js in Resources */,
				22AF74C1269BA5F2007D9891 /* Preview Assets.xcassets in Resources */,
				22AF74BE269BA5F2007D9891 /* Assets.xcassets in Resources */,
			);
			runOnlyForDeploymentPostprocessing = 0;
		};
/* End PBXResourcesBuildPhase section */

/* Begin PBXSourcesBuildPhase section */
		22AF74B2269BA5F1007D9891 /* Sources */ = {
			isa = PBXSourcesBuildPhase;
			buildActionMask = 2147483647;
			files = (
				22AF74BC269BA5F1007D9891 /* ContentView.swift in Sources */,
				22E85316269CCF8500E82CE4 /* NSRange_Intersects.swift in Sources */,
				22AF74C9269BA612007D9891 /* KeyboardEditorViewController.swift in Sources */,
				22E8531B269CD61F00E82CE4 /* Node_Hashable.swift in Sources */,
				2214E12A269C80E10046EF32 /* Paragraph.swift in Sources */,
				22AF74CD269BA795007D9891 /* CanvasView.swift in Sources */,
				22AF74D1269BA9ED007D9891 /* CanvasView.Coordinator.swift in Sources */,
				22E8531F269CD74700E82CE4 /* StyledMarkdown_FileDocument.swift in Sources */,
				22CDCB1C269BCB4E00988085 /* List.swift in Sources */,
				2214E13C269CAC3B0046EF32 /* String_Subscript.swift in Sources */,
				22E85321269CD8FD00E82CE4 /* UITextRange_NSRange.swift in Sources */,
				22AF74DB269BAC64007D9891 /* PKStrokePoint_Init.swift in Sources */,
				22AF74D3269BABA1007D9891 /* StrokeConduit.swift in Sources */,
				22AF74CB269BA64A007D9891 /* KeyboardEditorView.swift in Sources */,
				22CDCB14269BC73200988085 /* Position.swift in Sources */,
				22AF74E6269BB91D007D9891 /* Parser.swift in Sources */,
				2214E134269C85750046EF32 /* StyledMarkdown.swift in Sources */,
				2214E128269C80AD0046EF32 /* Text.swift in Sources */,
				2214E12E269C80FE0046EF32 /* ListItem.swift in Sources */,
				2214E132269C84D70046EF32 /* LineStyle.swift in Sources */,
				22CDCB1A269BCB3700988085 /* Root.swift in Sources */,
				22CDCB18269BC75C00988085 /* Heading.swift in Sources */,
				2214E122269BDC1B0046EF32 /* Delete.swift in Sources */,
				2214E13A269C99FE0046EF32 /* StyledMarkdown.Change.swift in Sources */,
				2214E12C269C80F40046EF32 /* ThematicBreak.swift in Sources */,
				22CDCB12269BC71200988085 /* Point.swift in Sources */,
				2214E124269C80860046EF32 /* Content.swift in Sources */,
				22E8531D269CD64100E82CE4 /* Content_Construct.swift in Sources */,
				22AF74D9269BAC37007D9891 /* PKStroke_Init.swift in Sources */,
				22AF74CF269BA79E007D9891 /* CanvasViewController.swift in Sources */,
				22E85319269CD60A00E82CE4 /* Node_Equatable.swift in Sources */,
				2214E126269C80950046EF32 /* Literal.swift in Sources */,
				22AF74BA269BA5F1007D9891 /* PencilMarkReduxApp.swift in Sources */,
				22CDCB16269BC74700988085 /* Node.swift in Sources */,
			);
			runOnlyForDeploymentPostprocessing = 0;
		};
/* End PBXSourcesBuildPhase section */

/* Begin XCBuildConfiguration section */
		22AF74C3269BA5F2007D9891 /* Debug */ = {
			isa = XCBuildConfiguration;
			buildSettings = {
				ALWAYS_SEARCH_USER_PATHS = NO;
				CLANG_ANALYZER_NONNULL = YES;
				CLANG_ANALYZER_NUMBER_OBJECT_CONVERSION = YES_AGGRESSIVE;
				CLANG_CXX_LANGUAGE_STANDARD = "gnu++14";
				CLANG_CXX_LIBRARY = "libc++";
				CLANG_ENABLE_MODULES = YES;
				CLANG_ENABLE_OBJC_ARC = YES;
				CLANG_ENABLE_OBJC_WEAK = YES;
				CLANG_WARN_BLOCK_CAPTURE_AUTORELEASING = YES;
				CLANG_WARN_BOOL_CONVERSION = YES;
				CLANG_WARN_COMMA = YES;
				CLANG_WARN_CONSTANT_CONVERSION = YES;
				CLANG_WARN_DEPRECATED_OBJC_IMPLEMENTATIONS = YES;
				CLANG_WARN_DIRECT_OBJC_ISA_USAGE = YES_ERROR;
				CLANG_WARN_DOCUMENTATION_COMMENTS = YES;
				CLANG_WARN_EMPTY_BODY = YES;
				CLANG_WARN_ENUM_CONVERSION = YES;
				CLANG_WARN_INFINITE_RECURSION = YES;
				CLANG_WARN_INT_CONVERSION = YES;
				CLANG_WARN_NON_LITERAL_NULL_CONVERSION = YES;
				CLANG_WARN_OBJC_IMPLICIT_RETAIN_SELF = YES;
				CLANG_WARN_OBJC_LITERAL_CONVERSION = YES;
				CLANG_WARN_OBJC_ROOT_CLASS = YES_ERROR;
				CLANG_WARN_QUOTED_INCLUDE_IN_FRAMEWORK_HEADER = YES;
				CLANG_WARN_RANGE_LOOP_ANALYSIS = YES;
				CLANG_WARN_STRICT_PROTOTYPES = YES;
				CLANG_WARN_SUSPICIOUS_MOVE = YES;
				CLANG_WARN_UNGUARDED_AVAILABILITY = YES_AGGRESSIVE;
				CLANG_WARN_UNREACHABLE_CODE = YES;
				CLANG_WARN__DUPLICATE_METHOD_MATCH = YES;
				COPY_PHASE_STRIP = NO;
				DEBUG_INFORMATION_FORMAT = dwarf;
				ENABLE_STRICT_OBJC_MSGSEND = YES;
				ENABLE_TESTABILITY = YES;
				GCC_C_LANGUAGE_STANDARD = gnu11;
				GCC_DYNAMIC_NO_PIC = NO;
				GCC_NO_COMMON_BLOCKS = YES;
				GCC_OPTIMIZATION_LEVEL = 0;
				GCC_PREPROCESSOR_DEFINITIONS = (
					"DEBUG=1",
					"$(inherited)",
				);
				GCC_WARN_64_TO_32_BIT_CONVERSION = YES;
				GCC_WARN_ABOUT_RETURN_TYPE = YES_ERROR;
				GCC_WARN_UNDECLARED_SELECTOR = YES;
				GCC_WARN_UNINITIALIZED_AUTOS = YES_AGGRESSIVE;
				GCC_WARN_UNUSED_FUNCTION = YES;
				GCC_WARN_UNUSED_VARIABLE = YES;
				IPHONEOS_DEPLOYMENT_TARGET = 14.5;
				MTL_ENABLE_DEBUG_INFO = INCLUDE_SOURCE;
				MTL_FAST_MATH = YES;
				ONLY_ACTIVE_ARCH = YES;
				SDKROOT = iphoneos;
				SWIFT_ACTIVE_COMPILATION_CONDITIONS = DEBUG;
				SWIFT_OPTIMIZATION_LEVEL = "-Onone";
			};
			name = Debug;
		};
		22AF74C4269BA5F2007D9891 /* Release */ = {
			isa = XCBuildConfiguration;
			buildSettings = {
				ALWAYS_SEARCH_USER_PATHS = NO;
				CLANG_ANALYZER_NONNULL = YES;
				CLANG_ANALYZER_NUMBER_OBJECT_CONVERSION = YES_AGGRESSIVE;
				CLANG_CXX_LANGUAGE_STANDARD = "gnu++14";
				CLANG_CXX_LIBRARY = "libc++";
				CLANG_ENABLE_MODULES = YES;
				CLANG_ENABLE_OBJC_ARC = YES;
				CLANG_ENABLE_OBJC_WEAK = YES;
				CLANG_WARN_BLOCK_CAPTURE_AUTORELEASING = YES;
				CLANG_WARN_BOOL_CONVERSION = YES;
				CLANG_WARN_COMMA = YES;
				CLANG_WARN_CONSTANT_CONVERSION = YES;
				CLANG_WARN_DEPRECATED_OBJC_IMPLEMENTATIONS = YES;
				CLANG_WARN_DIRECT_OBJC_ISA_USAGE = YES_ERROR;
				CLANG_WARN_DOCUMENTATION_COMMENTS = YES;
				CLANG_WARN_EMPTY_BODY = YES;
				CLANG_WARN_ENUM_CONVERSION = YES;
				CLANG_WARN_INFINITE_RECURSION = YES;
				CLANG_WARN_INT_CONVERSION = YES;
				CLANG_WARN_NON_LITERAL_NULL_CONVERSION = YES;
				CLANG_WARN_OBJC_IMPLICIT_RETAIN_SELF = YES;
				CLANG_WARN_OBJC_LITERAL_CONVERSION = YES;
				CLANG_WARN_OBJC_ROOT_CLASS = YES_ERROR;
				CLANG_WARN_QUOTED_INCLUDE_IN_FRAMEWORK_HEADER = YES;
				CLANG_WARN_RANGE_LOOP_ANALYSIS = YES;
				CLANG_WARN_STRICT_PROTOTYPES = YES;
				CLANG_WARN_SUSPICIOUS_MOVE = YES;
				CLANG_WARN_UNGUARDED_AVAILABILITY = YES_AGGRESSIVE;
				CLANG_WARN_UNREACHABLE_CODE = YES;
				CLANG_WARN__DUPLICATE_METHOD_MATCH = YES;
				COPY_PHASE_STRIP = NO;
				DEBUG_INFORMATION_FORMAT = "dwarf-with-dsym";
				ENABLE_NS_ASSERTIONS = NO;
				ENABLE_STRICT_OBJC_MSGSEND = YES;
				GCC_C_LANGUAGE_STANDARD = gnu11;
				GCC_NO_COMMON_BLOCKS = YES;
				GCC_WARN_64_TO_32_BIT_CONVERSION = YES;
				GCC_WARN_ABOUT_RETURN_TYPE = YES_ERROR;
				GCC_WARN_UNDECLARED_SELECTOR = YES;
				GCC_WARN_UNINITIALIZED_AUTOS = YES_AGGRESSIVE;
				GCC_WARN_UNUSED_FUNCTION = YES;
				GCC_WARN_UNUSED_VARIABLE = YES;
				IPHONEOS_DEPLOYMENT_TARGET = 14.5;
				MTL_ENABLE_DEBUG_INFO = NO;
				MTL_FAST_MATH = YES;
				SDKROOT = iphoneos;
				SWIFT_COMPILATION_MODE = wholemodule;
				SWIFT_OPTIMIZATION_LEVEL = "-O";
				VALIDATE_PRODUCT = YES;
			};
			name = Release;
		};
		22AF74C6269BA5F2007D9891 /* Debug */ = {
			isa = XCBuildConfiguration;
			buildSettings = {
				ASSETCATALOG_COMPILER_APPICON_NAME = AppIcon;
				ASSETCATALOG_COMPILER_GLOBAL_ACCENT_COLOR_NAME = AccentColor;
				CODE_SIGN_STYLE = Automatic;
				DEVELOPMENT_ASSET_PATHS = "\"PencilMarkRedux/Preview Content\"";
				DEVELOPMENT_TEAM = 949D776DFQ;
				ENABLE_PREVIEWS = YES;
				INFOPLIST_FILE = PencilMarkRedux/Info.plist;
				IPHONEOS_DEPLOYMENT_TARGET = 14.0;
				LD_RUNPATH_SEARCH_PATHS = (
					"$(inherited)",
					"@executable_path/Frameworks",
				);
				PRODUCT_BUNDLE_IDENTIFIER = "-.PencilMarkRedux";
				PRODUCT_NAME = "$(TARGET_NAME)";
				SWIFT_VERSION = 5.0;
				TARGETED_DEVICE_FAMILY = "1,2";
			};
			name = Debug;
		};
		22AF74C7269BA5F2007D9891 /* Release */ = {
			isa = XCBuildConfiguration;
			buildSettings = {
				ASSETCATALOG_COMPILER_APPICON_NAME = AppIcon;
				ASSETCATALOG_COMPILER_GLOBAL_ACCENT_COLOR_NAME = AccentColor;
				CODE_SIGN_STYLE = Automatic;
				DEVELOPMENT_ASSET_PATHS = "\"PencilMarkRedux/Preview Content\"";
				DEVELOPMENT_TEAM = 949D776DFQ;
				ENABLE_PREVIEWS = YES;
				INFOPLIST_FILE = PencilMarkRedux/Info.plist;
				IPHONEOS_DEPLOYMENT_TARGET = 14.0;
				LD_RUNPATH_SEARCH_PATHS = (
					"$(inherited)",
					"@executable_path/Frameworks",
				);
				PRODUCT_BUNDLE_IDENTIFIER = "-.PencilMarkRedux";
				PRODUCT_NAME = "$(TARGET_NAME)";
				SWIFT_VERSION = 5.0;
				TARGETED_DEVICE_FAMILY = "1,2";
			};
			name = Release;
		};
/* End XCBuildConfiguration section */

/* Begin XCConfigurationList section */
		22AF74B1269BA5F0007D9891 /* Build configuration list for PBXProject "PencilMarkRedux" */ = {
			isa = XCConfigurationList;
			buildConfigurations = (
				22AF74C3269BA5F2007D9891 /* Debug */,
				22AF74C4269BA5F2007D9891 /* Release */,
			);
			defaultConfigurationIsVisible = 0;
			defaultConfigurationName = Release;
		};
		22AF74C5269BA5F2007D9891 /* Build configuration list for PBXNativeTarget "PencilMarkRedux" */ = {
			isa = XCConfigurationList;
			buildConfigurations = (
				22AF74C6269BA5F2007D9891 /* Debug */,
				22AF74C7269BA5F2007D9891 /* Release */,
			);
			defaultConfigurationIsVisible = 0;
			defaultConfigurationName = Release;
		};
/* End XCConfigurationList section */

/* Begin XCRemoteSwiftPackageReference section */
		2214E135269C8FD70046EF32 /* XCRemoteSwiftPackageReference "swift-collections" */ = {
			isa = XCRemoteSwiftPackageReference;
			repositoryURL = "https://github.com/apple/swift-collections";
			requirement = {
				kind = upToNextMajorVersion;
				minimumVersion = 0.0.4;
			};
		};
/* End XCRemoteSwiftPackageReference section */

/* Begin XCSwiftPackageProductDependency section */
		2214E136269C8FD70046EF32 /* OrderedCollections */ = {
			isa = XCSwiftPackageProductDependency;
			package = 2214E135269C8FD70046EF32 /* XCRemoteSwiftPackageReference "swift-collections" */;
			productName = OrderedCollections;
		};
/* End XCSwiftPackageProductDependency section */
	};
	rootObject = 22AF74AE269BA5F0007D9891 /* Project object */;
}
