// !$*UTF8*$!
{
	archiveVersion = 1;
	classes = {
	};
	objectVersion = 52;
	objects = {

/* Begin PBXBuildFile section */
		2214E122269BDC1B0046EF32 /* Delete.swift in Sources */ = {isa = PBXBuildFile; fileRef = 2214E121269BDBCE0046EF32 /* Delete.swift */; };
		2214E124269C80860046EF32 /* Node.swift in Sources */ = {isa = PBXBuildFile; fileRef = 2214E123269C80860046EF32 /* Node.swift */; };
		2214E126269C80950046EF32 /* Literal.swift in Sources */ = {isa = PBXBuildFile; fileRef = 2214E125269C80950046EF32 /* Literal.swift */; };
		2214E128269C80AD0046EF32 /* Text.swift in Sources */ = {isa = PBXBuildFile; fileRef = 2214E127269C80AD0046EF32 /* Text.swift */; };
		2214E12A269C80E10046EF32 /* Paragraph.swift in Sources */ = {isa = PBXBuildFile; fileRef = 2214E129269C80E10046EF32 /* Paragraph.swift */; };
		2214E12C269C80F40046EF32 /* ThematicBreak.swift in Sources */ = {isa = PBXBuildFile; fileRef = 2214E12B269C80F40046EF32 /* ThematicBreak.swift */; };
		2214E12E269C80FE0046EF32 /* ListItem.swift in Sources */ = {isa = PBXBuildFile; fileRef = 2214E12D269C80FE0046EF32 /* ListItem.swift */; };
		2214E132269C84D70046EF32 /* LineStyle.swift in Sources */ = {isa = PBXBuildFile; fileRef = 2214E131269C84D70046EF32 /* LineStyle.swift */; };
		2214E134269C85750046EF32 /* StyledMarkdown.swift in Sources */ = {isa = PBXBuildFile; fileRef = 2214E133269C85750046EF32 /* StyledMarkdown.swift */; };
		2214E137269C8FD70046EF32 /* OrderedCollections in Frameworks */ = {isa = PBXBuildFile; productRef = 2214E136269C8FD70046EF32 /* OrderedCollections */; };
		2214E13A269C99FE0046EF32 /* StyledMarkdown.Change.swift in Sources */ = {isa = PBXBuildFile; fileRef = 2214E139269C99FD0046EF32 /* StyledMarkdown.Change.swift */; };
		2214E13C269CAC3B0046EF32 /* String_Subscript.swift in Sources */ = {isa = PBXBuildFile; fileRef = 2214E13B269CAC3B0046EF32 /* String_Subscript.swift */; };
		22AF74BA269BA5F1007D9891 /* PencilMarkReduxApp.swift in Sources */ = {isa = PBXBuildFile; fileRef = 22AF74B9269BA5F1007D9891 /* PencilMarkReduxApp.swift */; };
		22AF74BC269BA5F1007D9891 /* ContentView.swift in Sources */ = {isa = PBXBuildFile; fileRef = 22AF74BB269BA5F1007D9891 /* ContentView.swift */; };
		22AF74BE269BA5F2007D9891 /* Assets.xcassets in Resources */ = {isa = PBXBuildFile; fileRef = 22AF74BD269BA5F2007D9891 /* Assets.xcassets */; };
		22AF74C1269BA5F2007D9891 /* Preview Assets.xcassets in Resources */ = {isa = PBXBuildFile; fileRef = 22AF74C0269BA5F2007D9891 /* Preview Assets.xcassets */; };
		22AF74C9269BA612007D9891 /* KeyboardEditorViewController.swift in Sources */ = {isa = PBXBuildFile; fileRef = 22AF74C8269BA612007D9891 /* KeyboardEditorViewController.swift */; };
		22AF74CB269BA64A007D9891 /* KeyboardEditorView.swift in Sources */ = {isa = PBXBuildFile; fileRef = 22AF74CA269BA64A007D9891 /* KeyboardEditorView.swift */; };
		22AF74CD269BA795007D9891 /* CanvasView.swift in Sources */ = {isa = PBXBuildFile; fileRef = 22AF74CC269BA795007D9891 /* CanvasView.swift */; };
		22AF74CF269BA79E007D9891 /* CanvasViewController.swift in Sources */ = {isa = PBXBuildFile; fileRef = 22AF74CE269BA79E007D9891 /* CanvasViewController.swift */; };
		22AF74D1269BA9ED007D9891 /* CanvasView.Coordinator.swift in Sources */ = {isa = PBXBuildFile; fileRef = 22AF74D0269BA9ED007D9891 /* CanvasView.Coordinator.swift */; };
		22AF74D3269BABA1007D9891 /* StrokeConduit.swift in Sources */ = {isa = PBXBuildFile; fileRef = 22AF74D2269BABA1007D9891 /* StrokeConduit.swift */; };
		22AF74D9269BAC37007D9891 /* PKStroke_Init.swift in Sources */ = {isa = PBXBuildFile; fileRef = 22AF74D8269BAC37007D9891 /* PKStroke_Init.swift */; };
		22AF74DB269BAC64007D9891 /* PKStrokePoint_Init.swift in Sources */ = {isa = PBXBuildFile; fileRef = 22AF74DA269BAC64007D9891 /* PKStrokePoint_Init.swift */; };
		22AF74E4269BB882007D9891 /* main.js in Resources */ = {isa = PBXBuildFile; fileRef = 22AF74E3269BB882007D9891 /* main.js */; };
		22AF74E6269BB91D007D9891 /* Parser.swift in Sources */ = {isa = PBXBuildFile; fileRef = 22AF74E5269BB91D007D9891 /* Parser.swift */; };
		22CA375426A0B0D600E95009 /* TreeLinkCheck.swift in Sources */ = {isa = PBXBuildFile; fileRef = 22CA375326A0B0D200E95009 /* TreeLinkCheck.swift */; };
		22CA375726A0BA6E00E95009 /* Blockquote.swift in Sources */ = {isa = PBXBuildFile; fileRef = 22CA375626A0BA6E00E95009 /* Blockquote.swift */; };
		22CA375A26A0BC9200E95009 /* Link.swift in Sources */ = {isa = PBXBuildFile; fileRef = 22CA375926A0BC9200E95009 /* Link.swift */; };
		22CA375C26A0BCDC00E95009 /* Image.swift in Sources */ = {isa = PBXBuildFile; fileRef = 22CA375B26A0BCDC00E95009 /* Image.swift */; };
		22CA375F26A0BD6000E95009 /* Code.swift in Sources */ = {isa = PBXBuildFile; fileRef = 22CA375E26A0BD6000E95009 /* Code.swift */; };
		22CA376126A0BFC200E95009 /* InlineCode.swift in Sources */ = {isa = PBXBuildFile; fileRef = 22CA376026A0BFC200E95009 /* InlineCode.swift */; };
		22CA376426A0C4B200E95009 /* PMShape.swift in Sources */ = {isa = PBXBuildFile; fileRef = 22CA376326A0C4B200E95009 /* PMShape.swift */; };
		22CA376626A0C52000E95009 /* Interpret.swift in Sources */ = {isa = PBXBuildFile; fileRef = 22CA376526A0C52000E95009 /* Interpret.swift */; };
		22CA376826A0C58D00E95009 /* ThreePointAngle.swift in Sources */ = {isa = PBXBuildFile; fileRef = 22CA376726A0C58D00E95009 /* ThreePointAngle.swift */; };
		22CA376A26A0C86400E95009 /* StraightLine.swift in Sources */ = {isa = PBXBuildFile; fileRef = 22CA376926A0C86400E95009 /* StraightLine.swift */; };
		22CA376C26A0D97C00E95009 /* PKStrokePath_Path.swift in Sources */ = {isa = PBXBuildFile; fileRef = 22CA376B26A0D97C00E95009 /* PKStrokePath_Path.swift */; };
		22CA376E26A0D99F00E95009 /* Path_BezierCurve.swift in Sources */ = {isa = PBXBuildFile; fileRef = 22CA376D26A0D99F00E95009 /* Path_BezierCurve.swift */; };
		22CDCB12269BC71200988085 /* Point.swift in Sources */ = {isa = PBXBuildFile; fileRef = 22CDCB11269BC71200988085 /* Point.swift */; };
		22CDCB14269BC73200988085 /* Position.swift in Sources */ = {isa = PBXBuildFile; fileRef = 22CDCB13269BC73200988085 /* Position.swift */; };
		22CDCB16269BC74700988085 /* Parent.swift in Sources */ = {isa = PBXBuildFile; fileRef = 22CDCB15269BC74700988085 /* Parent.swift */; };
		22CDCB18269BC75C00988085 /* Heading.swift in Sources */ = {isa = PBXBuildFile; fileRef = 22CDCB17269BC75C00988085 /* Heading.swift */; };
		22CDCB1A269BCB3700988085 /* Root.swift in Sources */ = {isa = PBXBuildFile; fileRef = 22CDCB19269BCB3700988085 /* Root.swift */; };
		22CDCB1C269BCB4E00988085 /* List.swift in Sources */ = {isa = PBXBuildFile; fileRef = 22CDCB1B269BCB4E00988085 /* List.swift */; };
		22DA13F7269D228000D90EA7 /* Strong.swift in Sources */ = {isa = PBXBuildFile; fileRef = 22DA13F6269D228000D90EA7 /* Strong.swift */; };
		22DA13F9269D237F00D90EA7 /* Emphasis.swift in Sources */ = {isa = PBXBuildFile; fileRef = 22DA13F8269D237F00D90EA7 /* Emphasis.swift */; };
		22DA13FB269D2BEC00D90EA7 /* UIFont_Style.swift in Sources */ = {isa = PBXBuildFile; fileRef = 22DA13FA269D2BEC00D90EA7 /* UIFont_Style.swift */; };
		22DA13FF269D3A7C00D90EA7 /* IntersectingText.swift in Sources */ = {isa = PBXBuildFile; fileRef = 22DA13FE269D3A7C00D90EA7 /* IntersectingText.swift */; };
		22DA1401269D3BC800D90EA7 /* Skewer.swift in Sources */ = {isa = PBXBuildFile; fileRef = 22DA1400269D3BC800D90EA7 /* Skewer.swift */; };
		22DA1403269D3C1A00D90EA7 /* HasStyle.swift in Sources */ = {isa = PBXBuildFile; fileRef = 22DA1402269D3C1A00D90EA7 /* HasStyle.swift */; };
		22DA1405269D3C6200D90EA7 /* Unwrap.swift in Sources */ = {isa = PBXBuildFile; fileRef = 22DA1404269D3C6200D90EA7 /* Unwrap.swift */; };
		22DA1407269D3E6300D90EA7 /* GatherChanges.swift in Sources */ = {isa = PBXBuildFile; fileRef = 22DA1406269D3E6300D90EA7 /* GatherChanges.swift */; };
		22DA1409269D3F9B00D90EA7 /* Consume.swift in Sources */ = {isa = PBXBuildFile; fileRef = 22DA1408269D3F9B00D90EA7 /* Consume.swift */; };
		22DD5658269DE19900E0743A /* PhrasingTests.swift in Sources */ = {isa = PBXBuildFile; fileRef = 22DD5657269DE19900E0743A /* PhrasingTests.swift */; };
		22DD565A269DE50B00E0743A /* FormatTests.swift in Sources */ = {isa = PBXBuildFile; fileRef = 22DD5659269DE50B00E0743A /* FormatTests.swift */; };
		22E85316269CCF8500E82CE4 /* NSRange_Intersects.swift in Sources */ = {isa = PBXBuildFile; fileRef = 22E85315269CCF8500E82CE4 /* NSRange_Intersects.swift */; };
		22E85319269CD60A00E82CE4 /* Node_Equatable.swift in Sources */ = {isa = PBXBuildFile; fileRef = 22E85318269CD60A00E82CE4 /* Node_Equatable.swift */; };
		22E8531B269CD61F00E82CE4 /* Node_Hashable.swift in Sources */ = {isa = PBXBuildFile; fileRef = 22E8531A269CD61F00E82CE4 /* Node_Hashable.swift */; };
		22E8531D269CD64100E82CE4 /* Node_Construct.swift in Sources */ = {isa = PBXBuildFile; fileRef = 22E8531C269CD64100E82CE4 /* Node_Construct.swift */; };
		22E8531F269CD74700E82CE4 /* StyledMarkdown_FileDocument.swift in Sources */ = {isa = PBXBuildFile; fileRef = 22E8531E269CD74700E82CE4 /* StyledMarkdown_FileDocument.swift */; };
		22E85321269CD8FD00E82CE4 /* UITextRange_NSRange.swift in Sources */ = {isa = PBXBuildFile; fileRef = 22E85320269CD8FD00E82CE4 /* UITextRange_NSRange.swift */; };
		22E85323269CE0B300E82CE4 /* StyledMarkdown.Replacement.swift in Sources */ = {isa = PBXBuildFile; fileRef = 22E85322269CE0B300E82CE4 /* StyledMarkdown.Replacement.swift */; };
/* End PBXBuildFile section */

/* Begin PBXContainerItemProxy section */
		22DA1413269DE06600D90EA7 /* PBXContainerItemProxy */ = {
			isa = PBXContainerItemProxy;
			containerPortal = 22AF74AE269BA5F0007D9891 /* Project object */;
			proxyType = 1;
			remoteGlobalIDString = 22AF74B5269BA5F1007D9891;
			remoteInfo = PencilMarkRedux;
		};
/* End PBXContainerItemProxy section */

/* Begin PBXFileReference section */
		2214E121269BDBCE0046EF32 /* Delete.swift */ = {isa = PBXFileReference; lastKnownFileType = sourcecode.swift; path = Delete.swift; sourceTree = "<group>"; };
		2214E123269C80860046EF32 /* Node.swift */ = {isa = PBXFileReference; lastKnownFileType = sourcecode.swift; path = Node.swift; sourceTree = "<group>"; };
		2214E125269C80950046EF32 /* Literal.swift */ = {isa = PBXFileReference; lastKnownFileType = sourcecode.swift; path = Literal.swift; sourceTree = "<group>"; };
		2214E127269C80AD0046EF32 /* Text.swift */ = {isa = PBXFileReference; lastKnownFileType = sourcecode.swift; path = Text.swift; sourceTree = "<group>"; };
		2214E129269C80E10046EF32 /* Paragraph.swift */ = {isa = PBXFileReference; lastKnownFileType = sourcecode.swift; path = Paragraph.swift; sourceTree = "<group>"; };
		2214E12B269C80F40046EF32 /* ThematicBreak.swift */ = {isa = PBXFileReference; lastKnownFileType = sourcecode.swift; path = ThematicBreak.swift; sourceTree = "<group>"; };
		2214E12D269C80FE0046EF32 /* ListItem.swift */ = {isa = PBXFileReference; lastKnownFileType = sourcecode.swift; path = ListItem.swift; sourceTree = "<group>"; };
		2214E131269C84D70046EF32 /* LineStyle.swift */ = {isa = PBXFileReference; lastKnownFileType = sourcecode.swift; path = LineStyle.swift; sourceTree = "<group>"; };
		2214E133269C85750046EF32 /* StyledMarkdown.swift */ = {isa = PBXFileReference; lastKnownFileType = sourcecode.swift; path = StyledMarkdown.swift; sourceTree = "<group>"; };
		2214E139269C99FD0046EF32 /* StyledMarkdown.Change.swift */ = {isa = PBXFileReference; lastKnownFileType = sourcecode.swift; path = StyledMarkdown.Change.swift; sourceTree = "<group>"; };
		2214E13B269CAC3B0046EF32 /* String_Subscript.swift */ = {isa = PBXFileReference; lastKnownFileType = sourcecode.swift; path = String_Subscript.swift; sourceTree = "<group>"; };
		22AF74B9269BA5F1007D9891 /* PencilMarkReduxApp.swift */ = {isa = PBXFileReference; lastKnownFileType = sourcecode.swift; path = PencilMarkReduxApp.swift; sourceTree = "<group>"; };
		22AF74BB269BA5F1007D9891 /* ContentView.swift */ = {isa = PBXFileReference; lastKnownFileType = sourcecode.swift; path = ContentView.swift; sourceTree = "<group>"; };
		22AF74BD269BA5F2007D9891 /* Assets.xcassets */ = {isa = PBXFileReference; lastKnownFileType = folder.assetcatalog; path = Assets.xcassets; sourceTree = "<group>"; };
		22AF74C0269BA5F2007D9891 /* Preview Assets.xcassets */ = {isa = PBXFileReference; lastKnownFileType = folder.assetcatalog; path = "Preview Assets.xcassets"; sourceTree = "<group>"; };
		22AF74C2269BA5F2007D9891 /* Info.plist */ = {isa = PBXFileReference; lastKnownFileType = text.plist.xml; path = Info.plist; sourceTree = "<group>"; };
		22AF74C8269BA612007D9891 /* KeyboardEditorViewController.swift */ = {isa = PBXFileReference; lastKnownFileType = sourcecode.swift; path = KeyboardEditorViewController.swift; sourceTree = "<group>"; };
		22AF74CA269BA64A007D9891 /* KeyboardEditorView.swift */ = {isa = PBXFileReference; lastKnownFileType = sourcecode.swift; path = KeyboardEditorView.swift; sourceTree = "<group>"; };
		22AF74CC269BA795007D9891 /* CanvasView.swift */ = {isa = PBXFileReference; lastKnownFileType = sourcecode.swift; path = CanvasView.swift; sourceTree = "<group>"; };
		22AF74CE269BA79E007D9891 /* CanvasViewController.swift */ = {isa = PBXFileReference; lastKnownFileType = sourcecode.swift; path = CanvasViewController.swift; sourceTree = "<group>"; };
		22AF74D0269BA9ED007D9891 /* CanvasView.Coordinator.swift */ = {isa = PBXFileReference; lastKnownFileType = sourcecode.swift; path = CanvasView.Coordinator.swift; sourceTree = "<group>"; };
		22AF74D2269BABA1007D9891 /* StrokeConduit.swift */ = {isa = PBXFileReference; lastKnownFileType = sourcecode.swift; path = StrokeConduit.swift; sourceTree = "<group>"; };
		22AF74D8269BAC37007D9891 /* PKStroke_Init.swift */ = {isa = PBXFileReference; lastKnownFileType = sourcecode.swift; path = PKStroke_Init.swift; sourceTree = "<group>"; };
		22AF74DA269BAC64007D9891 /* PKStrokePoint_Init.swift */ = {isa = PBXFileReference; lastKnownFileType = sourcecode.swift; path = PKStrokePoint_Init.swift; sourceTree = "<group>"; };
		22AF74E3269BB882007D9891 /* main.js */ = {isa = PBXFileReference; lastKnownFileType = sourcecode.javascript; path = main.js; sourceTree = "<group>"; };
		22AF74E5269BB91D007D9891 /* Parser.swift */ = {isa = PBXFileReference; lastKnownFileType = sourcecode.swift; path = Parser.swift; sourceTree = "<group>"; };
		22CA375326A0B0D200E95009 /* TreeLinkCheck.swift */ = {isa = PBXFileReference; lastKnownFileType = sourcecode.swift; path = TreeLinkCheck.swift; sourceTree = "<group>"; };
		22CA375626A0BA6E00E95009 /* Blockquote.swift */ = {isa = PBXFileReference; lastKnownFileType = sourcecode.swift; path = Blockquote.swift; sourceTree = "<group>"; };
		22CA375926A0BC9200E95009 /* Link.swift */ = {isa = PBXFileReference; lastKnownFileType = sourcecode.swift; path = Link.swift; sourceTree = "<group>"; };
		22CA375B26A0BCDC00E95009 /* Image.swift */ = {isa = PBXFileReference; lastKnownFileType = sourcecode.swift; path = Image.swift; sourceTree = "<group>"; };
		22CA375E26A0BD6000E95009 /* Code.swift */ = {isa = PBXFileReference; lastKnownFileType = sourcecode.swift; path = Code.swift; sourceTree = "<group>"; };
		22CA376026A0BFC200E95009 /* InlineCode.swift */ = {isa = PBXFileReference; lastKnownFileType = sourcecode.swift; path = InlineCode.swift; sourceTree = "<group>"; };
		22CA376326A0C4B200E95009 /* PMShape.swift */ = {isa = PBXFileReference; lastKnownFileType = sourcecode.swift; path = PMShape.swift; sourceTree = "<group>"; };
		22CA376526A0C52000E95009 /* Interpret.swift */ = {isa = PBXFileReference; lastKnownFileType = sourcecode.swift; path = Interpret.swift; sourceTree = "<group>"; };
		22CA376726A0C58D00E95009 /* ThreePointAngle.swift */ = {isa = PBXFileReference; lastKnownFileType = sourcecode.swift; path = ThreePointAngle.swift; sourceTree = "<group>"; };
		22CA376926A0C86400E95009 /* StraightLine.swift */ = {isa = PBXFileReference; lastKnownFileType = sourcecode.swift; path = StraightLine.swift; sourceTree = "<group>"; };
		22CA376B26A0D97C00E95009 /* PKStrokePath_Path.swift */ = {isa = PBXFileReference; lastKnownFileType = sourcecode.swift; path = PKStrokePath_Path.swift; sourceTree = "<group>"; };
		22CA376D26A0D99F00E95009 /* Path_BezierCurve.swift */ = {isa = PBXFileReference; lastKnownFileType = sourcecode.swift; path = Path_BezierCurve.swift; sourceTree = "<group>"; };
		22CDCB0F269BBD6F00988085 /* PencilMarkRedux.app */ = {isa = PBXFileReference; explicitFileType = wrapper.application; includeInIndex = 0; path = PencilMarkRedux.app; sourceTree = BUILT_PRODUCTS_DIR; };
		22CDCB11269BC71200988085 /* Point.swift */ = {isa = PBXFileReference; lastKnownFileType = sourcecode.swift; path = Point.swift; sourceTree = "<group>"; };
		22CDCB13269BC73200988085 /* Position.swift */ = {isa = PBXFileReference; lastKnownFileType = sourcecode.swift; path = Position.swift; sourceTree = "<group>"; };
		22CDCB15269BC74700988085 /* Parent.swift */ = {isa = PBXFileReference; lastKnownFileType = sourcecode.swift; path = Parent.swift; sourceTree = "<group>"; };
		22CDCB17269BC75C00988085 /* Heading.swift */ = {isa = PBXFileReference; lastKnownFileType = sourcecode.swift; path = Heading.swift; sourceTree = "<group>"; };
		22CDCB19269BCB3700988085 /* Root.swift */ = {isa = PBXFileReference; lastKnownFileType = sourcecode.swift; path = Root.swift; sourceTree = "<group>"; };
		22CDCB1B269BCB4E00988085 /* List.swift */ = {isa = PBXFileReference; lastKnownFileType = sourcecode.swift; path = List.swift; sourceTree = "<group>"; };
		22DA13F6269D228000D90EA7 /* Strong.swift */ = {isa = PBXFileReference; lastKnownFileType = sourcecode.swift; path = Strong.swift; sourceTree = "<group>"; };
		22DA13F8269D237F00D90EA7 /* Emphasis.swift */ = {isa = PBXFileReference; lastKnownFileType = sourcecode.swift; path = Emphasis.swift; sourceTree = "<group>"; };
		22DA13FA269D2BEC00D90EA7 /* UIFont_Style.swift */ = {isa = PBXFileReference; lastKnownFileType = sourcecode.swift; path = UIFont_Style.swift; sourceTree = "<group>"; };
		22DA13FE269D3A7C00D90EA7 /* IntersectingText.swift */ = {isa = PBXFileReference; lastKnownFileType = sourcecode.swift; path = IntersectingText.swift; sourceTree = "<group>"; };
		22DA1400269D3BC800D90EA7 /* Skewer.swift */ = {isa = PBXFileReference; lastKnownFileType = sourcecode.swift; path = Skewer.swift; sourceTree = "<group>"; };
		22DA1402269D3C1A00D90EA7 /* HasStyle.swift */ = {isa = PBXFileReference; lastKnownFileType = sourcecode.swift; path = HasStyle.swift; sourceTree = "<group>"; };
		22DA1404269D3C6200D90EA7 /* Unwrap.swift */ = {isa = PBXFileReference; lastKnownFileType = sourcecode.swift; path = Unwrap.swift; sourceTree = "<group>"; };
		22DA1406269D3E6300D90EA7 /* GatherChanges.swift */ = {isa = PBXFileReference; lastKnownFileType = sourcecode.swift; path = GatherChanges.swift; sourceTree = "<group>"; };
		22DA1408269D3F9B00D90EA7 /* Consume.swift */ = {isa = PBXFileReference; lastKnownFileType = sourcecode.swift; path = Consume.swift; sourceTree = "<group>"; };
		22DA140E269DE06600D90EA7 /* PencilMarkReduxTests.xctest */ = {isa = PBXFileReference; explicitFileType = wrapper.cfbundle; includeInIndex = 0; path = PencilMarkReduxTests.xctest; sourceTree = BUILT_PRODUCTS_DIR; };
		22DA1412269DE06600D90EA7 /* Info.plist */ = {isa = PBXFileReference; lastKnownFileType = text.plist.xml; path = Info.plist; sourceTree = "<group>"; };
		22DD5657269DE19900E0743A /* PhrasingTests.swift */ = {isa = PBXFileReference; lastKnownFileType = sourcecode.swift; path = PhrasingTests.swift; sourceTree = "<group>"; };
		22DD5659269DE50B00E0743A /* FormatTests.swift */ = {isa = PBXFileReference; lastKnownFileType = sourcecode.swift; path = FormatTests.swift; sourceTree = "<group>"; };
		22E85315269CCF8500E82CE4 /* NSRange_Intersects.swift */ = {isa = PBXFileReference; lastKnownFileType = sourcecode.swift; path = NSRange_Intersects.swift; sourceTree = "<group>"; };
		22E85318269CD60A00E82CE4 /* Node_Equatable.swift */ = {isa = PBXFileReference; lastKnownFileType = sourcecode.swift; path = Node_Equatable.swift; sourceTree = "<group>"; };
		22E8531A269CD61F00E82CE4 /* Node_Hashable.swift */ = {isa = PBXFileReference; lastKnownFileType = sourcecode.swift; path = Node_Hashable.swift; sourceTree = "<group>"; };
		22E8531C269CD64100E82CE4 /* Node_Construct.swift */ = {isa = PBXFileReference; lastKnownFileType = sourcecode.swift; path = Node_Construct.swift; sourceTree = "<group>"; };
		22E8531E269CD74700E82CE4 /* StyledMarkdown_FileDocument.swift */ = {isa = PBXFileReference; lastKnownFileType = sourcecode.swift; path = StyledMarkdown_FileDocument.swift; sourceTree = "<group>"; };
		22E85320269CD8FD00E82CE4 /* UITextRange_NSRange.swift */ = {isa = PBXFileReference; lastKnownFileType = sourcecode.swift; path = UITextRange_NSRange.swift; sourceTree = "<group>"; };
		22E85322269CE0B300E82CE4 /* StyledMarkdown.Replacement.swift */ = {isa = PBXFileReference; lastKnownFileType = sourcecode.swift; path = StyledMarkdown.Replacement.swift; sourceTree = "<group>"; };
/* End PBXFileReference section */

/* Begin PBXFrameworksBuildPhase section */
		22AF74B3269BA5F1007D9891 /* Frameworks */ = {
			isa = PBXFrameworksBuildPhase;
			buildActionMask = 2147483647;
			files = (
				2214E137269C8FD70046EF32 /* OrderedCollections in Frameworks */,
			);
			runOnlyForDeploymentPostprocessing = 0;
		};
		22DA140B269DE06600D90EA7 /* Frameworks */ = {
			isa = PBXFrameworksBuildPhase;
			buildActionMask = 2147483647;
			files = (
			);
			runOnlyForDeploymentPostprocessing = 0;
		};
/* End PBXFrameworksBuildPhase section */

/* Begin PBXGroup section */
		2214E138269C997C0046EF32 /* MDAST */ = {
			isa = PBXGroup;
			children = (
				22DA13FE269D3A7C00D90EA7 /* IntersectingText.swift */,
				22DA1400269D3BC800D90EA7 /* Skewer.swift */,
				22DA1402269D3C1A00D90EA7 /* HasStyle.swift */,
				22DA1404269D3C6200D90EA7 /* Unwrap.swift */,
				22DA1406269D3E6300D90EA7 /* GatherChanges.swift */,
				22DA1408269D3F9B00D90EA7 /* Consume.swift */,
				22CA375326A0B0D200E95009 /* TreeLinkCheck.swift */,
				22CDCB10269BC70600988085 /* Types */,
			);
			path = MDAST;
			sourceTree = "<group>";
		};
		22AF74AD269BA5F0007D9891 = {
			isa = PBXGroup;
			children = (
				22AF74D4269BABF4007D9891 /* Extensions */,
				22CA376226A0C46600E95009 /* GestureRecognition */,
				22AF74E0269BB43A007D9891 /* Javascript */,
				22AF74B8269BA5F1007D9891 /* PencilMarkRedux */,
				2214E138269C997C0046EF32 /* MDAST */,
				22CDCB0F269BBD6F00988085 /* PencilMarkRedux.app */,
				22DA140E269DE06600D90EA7 /* PencilMarkReduxTests.xctest */,
				22DA140F269DE06600D90EA7 /* PencilMarkReduxTests */,
			);
			sourceTree = "<group>";
		};
		22AF74B8269BA5F1007D9891 /* PencilMarkRedux */ = {
			isa = PBXGroup;
			children = (
				22AF74B9269BA5F1007D9891 /* PencilMarkReduxApp.swift */,
				22AF74BB269BA5F1007D9891 /* ContentView.swift */,
				22AF74E5269BB91D007D9891 /* Parser.swift */,
				2214E133269C85750046EF32 /* StyledMarkdown.swift */,
				22E8531E269CD74700E82CE4 /* StyledMarkdown_FileDocument.swift */,
				2214E139269C99FD0046EF32 /* StyledMarkdown.Change.swift */,
				22E85322269CE0B300E82CE4 /* StyledMarkdown.Replacement.swift */,
				2214E131269C84D70046EF32 /* LineStyle.swift */,
				22AF74DE269BB3E3007D9891 /* KeyboardEditor */,
				22AF74DF269BB3F1007D9891 /* CanvasView */,
				22AF74D2269BABA1007D9891 /* StrokeConduit.swift */,
				22AF74BD269BA5F2007D9891 /* Assets.xcassets */,
				22AF74C2269BA5F2007D9891 /* Info.plist */,
				22AF74BF269BA5F2007D9891 /* Preview Content */,
			);
			path = PencilMarkRedux;
			sourceTree = "<group>";
		};
		22AF74BF269BA5F2007D9891 /* Preview Content */ = {
			isa = PBXGroup;
			children = (
				22AF74C0269BA5F2007D9891 /* Preview Assets.xcassets */,
			);
			path = "Preview Content";
			sourceTree = "<group>";
		};
		22AF74D4269BABF4007D9891 /* Extensions */ = {
			isa = PBXGroup;
			children = (
				2214E13B269CAC3B0046EF32 /* String_Subscript.swift */,
				22E85320269CD8FD00E82CE4 /* UITextRange_NSRange.swift */,
				22AF74D5269BABF9007D9891 /* PencilKit */,
				22E85315269CCF8500E82CE4 /* NSRange_Intersects.swift */,
				22CA376D26A0D99F00E95009 /* Path_BezierCurve.swift */,
				22DA13FA269D2BEC00D90EA7 /* UIFont_Style.swift */,
			);
			path = Extensions;
			sourceTree = "<group>";
		};
		22AF74D5269BABF9007D9891 /* PencilKit */ = {
			isa = PBXGroup;
			children = (
				22AF74D8269BAC37007D9891 /* PKStroke_Init.swift */,
				22AF74DA269BAC64007D9891 /* PKStrokePoint_Init.swift */,
				22CA376B26A0D97C00E95009 /* PKStrokePath_Path.swift */,
			);
			path = PencilKit;
			sourceTree = "<group>";
		};
		22AF74DE269BB3E3007D9891 /* KeyboardEditor */ = {
			isa = PBXGroup;
			children = (
				22AF74CA269BA64A007D9891 /* KeyboardEditorView.swift */,
				22AF74C8269BA612007D9891 /* KeyboardEditorViewController.swift */,
			);
			path = KeyboardEditor;
			sourceTree = "<group>";
		};
		22AF74DF269BB3F1007D9891 /* CanvasView */ = {
			isa = PBXGroup;
			children = (
				22AF74CC269BA795007D9891 /* CanvasView.swift */,
				22AF74D0269BA9ED007D9891 /* CanvasView.Coordinator.swift */,
				22AF74CE269BA79E007D9891 /* CanvasViewController.swift */,
			);
			path = CanvasView;
			sourceTree = "<group>";
		};
		22AF74E0269BB43A007D9891 /* Javascript */ = {
			isa = PBXGroup;
			children = (
				22AF74E2269BB875007D9891 /* dist */,
			);
			path = Javascript;
			sourceTree = "<group>";
		};
		22AF74E2269BB875007D9891 /* dist */ = {
			isa = PBXGroup;
			children = (
				22AF74E3269BB882007D9891 /* main.js */,
			);
			path = dist;
			sourceTree = "<group>";
		};
		22CA375226A0B0A500E95009 /* Root */ = {
			isa = PBXGroup;
			children = (
				22CDCB19269BCB3700988085 /* Root.swift */,
			);
			path = Root;
			sourceTree = "<group>";
		};
		22CA375526A0B53400E95009 /* Content */ = {
			isa = PBXGroup;
			children = (
				2214E123269C80860046EF32 /* Node.swift */,
				22E8531C269CD64100E82CE4 /* Node_Construct.swift */,
				22E85318269CD60A00E82CE4 /* Node_Equatable.swift */,
				22E8531A269CD61F00E82CE4 /* Node_Hashable.swift */,
				22CDCB13269BC73200988085 /* Position.swift */,
				22CDCB11269BC71200988085 /* Point.swift */,
			);
			path = Content;
			sourceTree = "<group>";
		};
		22CA375826A0BBC400E95009 /* Phrasing */ = {
			isa = PBXGroup;
			children = (
				2214E121269BDBCE0046EF32 /* Delete.swift */,
				22DA13F6269D228000D90EA7 /* Strong.swift */,
				22DA13F8269D237F00D90EA7 /* Emphasis.swift */,
				22CDCB17269BC75C00988085 /* Heading.swift */,
				22CA375926A0BC9200E95009 /* Link.swift */,
			);
			path = Phrasing;
			sourceTree = "<group>";
		};
		22CA375D26A0BD3F00E95009 /* Literal */ = {
			isa = PBXGroup;
			children = (
				2214E125269C80950046EF32 /* Literal.swift */,
				2214E127269C80AD0046EF32 /* Text.swift */,
				22CA375E26A0BD6000E95009 /* Code.swift */,
				22CA376026A0BFC200E95009 /* InlineCode.swift */,
			);
			path = Literal;
			sourceTree = "<group>";
		};
		22CA376226A0C46600E95009 /* GestureRecognition */ = {
			isa = PBXGroup;
			children = (
				22CA376326A0C4B200E95009 /* PMShape.swift */,
				22CA376526A0C52000E95009 /* Interpret.swift */,
				22CA376726A0C58D00E95009 /* ThreePointAngle.swift */,
				22CA376926A0C86400E95009 /* StraightLine.swift */,
			);
			path = GestureRecognition;
			sourceTree = "<group>";
		};
		22CDCB10269BC70600988085 /* Types */ = {
			isa = PBXGroup;
			children = (
				22CA375526A0B53400E95009 /* Content */,
				22E85317269CD5F800E82CE4 /* Parent */,
				22CA375226A0B0A500E95009 /* Root */,
				22CA375D26A0BD3F00E95009 /* Literal */,
				2214E12B269C80F40046EF32 /* ThematicBreak.swift */,
				22CA375B26A0BCDC00E95009 /* Image.swift */,
			);
			path = Types;
			sourceTree = "<group>";
		};
		22DA140F269DE06600D90EA7 /* PencilMarkReduxTests */ = {
			isa = PBXGroup;
			children = (
				22DD5657269DE19900E0743A /* PhrasingTests.swift */,
				22DD5659269DE50B00E0743A /* FormatTests.swift */,
				22DA1412269DE06600D90EA7 /* Info.plist */,
			);
			path = PencilMarkReduxTests;
			sourceTree = "<group>";
		};
		22E85317269CD5F800E82CE4 /* Parent */ = {
			isa = PBXGroup;
			children = (
				22CA375826A0BBC400E95009 /* Phrasing */,
				22CDCB15269BC74700988085 /* Parent.swift */,
				22CA375626A0BA6E00E95009 /* Blockquote.swift */,
				22CDCB1B269BCB4E00988085 /* List.swift */,
				2214E12D269C80FE0046EF32 /* ListItem.swift */,
				2214E129269C80E10046EF32 /* Paragraph.swift */,
			);
			path = Parent;
			sourceTree = "<group>";
		};
/* End PBXGroup section */

/* Begin PBXNativeTarget section */
		22AF74B5269BA5F1007D9891 /* PencilMarkRedux */ = {
			isa = PBXNativeTarget;
			buildConfigurationList = 22AF74C5269BA5F2007D9891 /* Build configuration list for PBXNativeTarget "PencilMarkRedux" */;
			buildPhases = (
				22AF74B2269BA5F1007D9891 /* Sources */,
				22AF74B3269BA5F1007D9891 /* Frameworks */,
				22AF74B4269BA5F1007D9891 /* Resources */,
			);
			buildRules = (
			);
			dependencies = (
			);
			name = PencilMarkRedux;
			packageProductDependencies = (
				2214E136269C8FD70046EF32 /* OrderedCollections */,
			);
			productName = PencilMarkRedux;
			productReference = 22CDCB0F269BBD6F00988085 /* PencilMarkRedux.app */;
			productType = "com.apple.product-type.application";
		};
		22DA140D269DE06600D90EA7 /* PencilMarkReduxTests */ = {
			isa = PBXNativeTarget;
			buildConfigurationList = 22DA1415269DE06600D90EA7 /* Build configuration list for PBXNativeTarget "PencilMarkReduxTests" */;
			buildPhases = (
				22DA140A269DE06600D90EA7 /* Sources */,
				22DA140B269DE06600D90EA7 /* Frameworks */,
				22DA140C269DE06600D90EA7 /* Resources */,
			);
			buildRules = (
			);
			dependencies = (
				22DA1414269DE06600D90EA7 /* PBXTargetDependency */,
			);
			name = PencilMarkReduxTests;
			productName = PencilMarkReduxTests;
			productReference = 22DA140E269DE06600D90EA7 /* PencilMarkReduxTests.xctest */;
			productType = "com.apple.product-type.bundle.unit-test";
		};
/* End PBXNativeTarget section */

/* Begin PBXProject section */
		22AF74AE269BA5F0007D9891 /* Project object */ = {
			isa = PBXProject;
			attributes = {
				LastSwiftUpdateCheck = 1250;
				LastUpgradeCheck = 1250;
				TargetAttributes = {
					22AF74B5269BA5F1007D9891 = {
						CreatedOnToolsVersion = 12.5;
					};
					22DA140D269DE06600D90EA7 = {
						CreatedOnToolsVersion = 12.5;
						TestTargetID = 22AF74B5269BA5F1007D9891;
					};
				};
			};
			buildConfigurationList = 22AF74B1269BA5F0007D9891 /* Build configuration list for PBXProject "PencilMarkRedux" */;
			compatibilityVersion = "Xcode 9.3";
			developmentRegion = en;
			hasScannedForEncodings = 0;
			knownRegions = (
				en,
				Base,
			);
			mainGroup = 22AF74AD269BA5F0007D9891;
			packageReferences = (
				2214E135269C8FD70046EF32 /* XCRemoteSwiftPackageReference "swift-collections" */,
			);
			productRefGroup = 22AF74AD269BA5F0007D9891;
			projectDirPath = "";
			projectRoot = "";
			targets = (
				22AF74B5269BA5F1007D9891 /* PencilMarkRedux */,
				22DA140D269DE06600D90EA7 /* PencilMarkReduxTests */,
			);
		};
/* End PBXProject section */

/* Begin PBXResourcesBuildPhase section */
		22AF74B4269BA5F1007D9891 /* Resources */ = {
			isa = PBXResourcesBuildPhase;
			buildActionMask = 2147483647;
			files = (
				22AF74E4269BB882007D9891 /* main.js in Resources */,
				22AF74C1269BA5F2007D9891 /* Preview Assets.xcassets in Resources */,
				22AF74BE269BA5F2007D9891 /* Assets.xcassets in Resources */,
			);
			runOnlyForDeploymentPostprocessing = 0;
		};
		22DA140C269DE06600D90EA7 /* Resources */ = {
			isa = PBXResourcesBuildPhase;
			buildActionMask = 2147483647;
			files = (
			);
			runOnlyForDeploymentPostprocessing = 0;
		};
/* End PBXResourcesBuildPhase section */

/* Begin PBXSourcesBuildPhase section */
		22AF74B2269BA5F1007D9891 /* Sources */ = {
			isa = PBXSourcesBuildPhase;
			buildActionMask = 2147483647;
			files = (
				22DA1405269D3C6200D90EA7 /* Unwrap.swift in Sources */,
				22AF74BC269BA5F1007D9891 /* ContentView.swift in Sources */,
				22CA375726A0BA6E00E95009 /* Blockquote.swift in Sources */,
				22CA376626A0C52000E95009 /* Interpret.swift in Sources */,
				22E85316269CCF8500E82CE4 /* NSRange_Intersects.swift in Sources */,
				22DA13FF269D3A7C00D90EA7 /* IntersectingText.swift in Sources */,
				22AF74C9269BA612007D9891 /* KeyboardEditorViewController.swift in Sources */,
				22E8531B269CD61F00E82CE4 /* Node_Hashable.swift in Sources */,
				2214E12A269C80E10046EF32 /* Paragraph.swift in Sources */,
				22AF74CD269BA795007D9891 /* CanvasView.swift in Sources */,
				22AF74D1269BA9ED007D9891 /* CanvasView.Coordinator.swift in Sources */,
				22E8531F269CD74700E82CE4 /* StyledMarkdown_FileDocument.swift in Sources */,
				22DA1409269D3F9B00D90EA7 /* Consume.swift in Sources */,
				22CDCB1C269BCB4E00988085 /* List.swift in Sources */,
				2214E13C269CAC3B0046EF32 /* String_Subscript.swift in Sources */,
				22CA376C26A0D97C00E95009 /* PKStrokePath_Path.swift in Sources */,
				22DA1403269D3C1A00D90EA7 /* HasStyle.swift in Sources */,
				22E85321269CD8FD00E82CE4 /* UITextRange_NSRange.swift in Sources */,
				22AF74DB269BAC64007D9891 /* PKStrokePoint_Init.swift in Sources */,
				22AF74D3269BABA1007D9891 /* StrokeConduit.swift in Sources */,
				22AF74CB269BA64A007D9891 /* KeyboardEditorView.swift in Sources */,
				22CA375A26A0BC9200E95009 /* Link.swift in Sources */,
				22CA376A26A0C86400E95009 /* StraightLine.swift in Sources */,
				22CDCB14269BC73200988085 /* Position.swift in Sources */,
				22AF74E6269BB91D007D9891 /* Parser.swift in Sources */,
				2214E134269C85750046EF32 /* StyledMarkdown.swift in Sources */,
				22E85323269CE0B300E82CE4 /* StyledMarkdown.Replacement.swift in Sources */,
				22CA376826A0C58D00E95009 /* ThreePointAngle.swift in Sources */,
				2214E128269C80AD0046EF32 /* Text.swift in Sources */,
				22CA375C26A0BCDC00E95009 /* Image.swift in Sources */,
				2214E12E269C80FE0046EF32 /* ListItem.swift in Sources */,
				2214E132269C84D70046EF32 /* LineStyle.swift in Sources */,
				22CA375426A0B0D600E95009 /* TreeLinkCheck.swift in Sources */,
				22CDCB1A269BCB3700988085 /* Root.swift in Sources */,
				22DA13FB269D2BEC00D90EA7 /* UIFont_Style.swift in Sources */,
				22DA1401269D3BC800D90EA7 /* Skewer.swift in Sources */,
				22CDCB18269BC75C00988085 /* Heading.swift in Sources */,
				2214E122269BDC1B0046EF32 /* Delete.swift in Sources */,
				22DA13F7269D228000D90EA7 /* Strong.swift in Sources */,
				2214E13A269C99FE0046EF32 /* StyledMarkdown.Change.swift in Sources */,
				2214E12C269C80F40046EF32 /* ThematicBreak.swift in Sources */,
				22CDCB12269BC71200988085 /* Point.swift in Sources */,
				2214E124269C80860046EF32 /* Node.swift in Sources */,
				22DA13F9269D237F00D90EA7 /* Emphasis.swift in Sources */,
				22CA376426A0C4B200E95009 /* PMShape.swift in Sources */,
				22CA375F26A0BD6000E95009 /* Code.swift in Sources */,
				22E8531D269CD64100E82CE4 /* Node_Construct.swift in Sources */,
				22AF74D9269BAC37007D9891 /* PKStroke_Init.swift in Sources */,
				22AF74CF269BA79E007D9891 /* CanvasViewController.swift in Sources */,
				22E85319269CD60A00E82CE4 /* Node_Equatable.swift in Sources */,
				2214E126269C80950046EF32 /* Literal.swift in Sources */,
				22CA376E26A0D99F00E95009 /* Path_BezierCurve.swift in Sources */,
				22DA1407269D3E6300D90EA7 /* GatherChanges.swift in Sources */,
				22AF74BA269BA5F1007D9891 /* PencilMarkReduxApp.swift in Sources */,
				22CDCB16269BC74700988085 /* Parent.swift in Sources */,
				22CA376126A0BFC200E95009 /* InlineCode.swift in Sources */,
			);
			runOnlyForDeploymentPostprocessing = 0;
		};
		22DA140A269DE06600D90EA7 /* Sources */ = {
			isa = PBXSourcesBuildPhase;
			buildActionMask = 2147483647;
			files = (
				22DD5658269DE19900E0743A /* PhrasingTests.swift in Sources */,
				22DD565A269DE50B00E0743A /* FormatTests.swift in Sources */,
			);
			runOnlyForDeploymentPostprocessing = 0;
		};
/* End PBXSourcesBuildPhase section */

/* Begin PBXTargetDependency section */
		22DA1414269DE06600D90EA7 /* PBXTargetDependency */ = {
			isa = PBXTargetDependency;
			target = 22AF74B5269BA5F1007D9891 /* PencilMarkRedux */;
			targetProxy = 22DA1413269DE06600D90EA7 /* PBXContainerItemProxy */;
		};
/* End PBXTargetDependency section */

/* Begin XCBuildConfiguration section */
		22AF74C3269BA5F2007D9891 /* Debug */ = {
			isa = XCBuildConfiguration;
			buildSettings = {
				ALWAYS_SEARCH_USER_PATHS = NO;
				CLANG_ANALYZER_NONNULL = YES;
				CLANG_ANALYZER_NUMBER_OBJECT_CONVERSION = YES_AGGRESSIVE;
				CLANG_CXX_LANGUAGE_STANDARD = "gnu++14";
				CLANG_CXX_LIBRARY = "libc++";
				CLANG_ENABLE_MODULES = YES;
				CLANG_ENABLE_OBJC_ARC = YES;
				CLANG_ENABLE_OBJC_WEAK = YES;
				CLANG_WARN_BLOCK_CAPTURE_AUTORELEASING = YES;
				CLANG_WARN_BOOL_CONVERSION = YES;
				CLANG_WARN_COMMA = YES;
				CLANG_WARN_CONSTANT_CONVERSION = YES;
				CLANG_WARN_DEPRECATED_OBJC_IMPLEMENTATIONS = YES;
				CLANG_WARN_DIRECT_OBJC_ISA_USAGE = YES_ERROR;
				CLANG_WARN_DOCUMENTATION_COMMENTS = YES;
				CLANG_WARN_EMPTY_BODY = YES;
				CLANG_WARN_ENUM_CONVERSION = YES;
				CLANG_WARN_INFINITE_RECURSION = YES;
				CLANG_WARN_INT_CONVERSION = YES;
				CLANG_WARN_NON_LITERAL_NULL_CONVERSION = YES;
				CLANG_WARN_OBJC_IMPLICIT_RETAIN_SELF = YES;
				CLANG_WARN_OBJC_LITERAL_CONVERSION = YES;
				CLANG_WARN_OBJC_ROOT_CLASS = YES_ERROR;
				CLANG_WARN_QUOTED_INCLUDE_IN_FRAMEWORK_HEADER = YES;
				CLANG_WARN_RANGE_LOOP_ANALYSIS = YES;
				CLANG_WARN_STRICT_PROTOTYPES = YES;
				CLANG_WARN_SUSPICIOUS_MOVE = YES;
				CLANG_WARN_UNGUARDED_AVAILABILITY = YES_AGGRESSIVE;
				CLANG_WARN_UNREACHABLE_CODE = YES;
				CLANG_WARN__DUPLICATE_METHOD_MATCH = YES;
				COPY_PHASE_STRIP = NO;
				DEBUG_INFORMATION_FORMAT = dwarf;
				ENABLE_STRICT_OBJC_MSGSEND = YES;
				ENABLE_TESTABILITY = YES;
				GCC_C_LANGUAGE_STANDARD = gnu11;
				GCC_DYNAMIC_NO_PIC = NO;
				GCC_NO_COMMON_BLOCKS = YES;
				GCC_OPTIMIZATION_LEVEL = 0;
				GCC_PREPROCESSOR_DEFINITIONS = (
					"DEBUG=1",
					"$(inherited)",
				);
				GCC_WARN_64_TO_32_BIT_CONVERSION = YES;
				GCC_WARN_ABOUT_RETURN_TYPE = YES_ERROR;
				GCC_WARN_UNDECLARED_SELECTOR = YES;
				GCC_WARN_UNINITIALIZED_AUTOS = YES_AGGRESSIVE;
				GCC_WARN_UNUSED_FUNCTION = YES;
				GCC_WARN_UNUSED_VARIABLE = YES;
				IPHONEOS_DEPLOYMENT_TARGET = 14.5;
				MTL_ENABLE_DEBUG_INFO = INCLUDE_SOURCE;
				MTL_FAST_MATH = YES;
				ONLY_ACTIVE_ARCH = YES;
				SDKROOT = iphoneos;
				SWIFT_ACTIVE_COMPILATION_CONDITIONS = DEBUG;
				SWIFT_OPTIMIZATION_LEVEL = "-Onone";
			};
			name = Debug;
		};
		22AF74C4269BA5F2007D9891 /* Release */ = {
			isa = XCBuildConfiguration;
			buildSettings = {
				ALWAYS_SEARCH_USER_PATHS = NO;
				CLANG_ANALYZER_NONNULL = YES;
				CLANG_ANALYZER_NUMBER_OBJECT_CONVERSION = YES_AGGRESSIVE;
				CLANG_CXX_LANGUAGE_STANDARD = "gnu++14";
				CLANG_CXX_LIBRARY = "libc++";
				CLANG_ENABLE_MODULES = YES;
				CLANG_ENABLE_OBJC_ARC = YES;
				CLANG_ENABLE_OBJC_WEAK = YES;
				CLANG_WARN_BLOCK_CAPTURE_AUTORELEASING = YES;
				CLANG_WARN_BOOL_CONVERSION = YES;
				CLANG_WARN_COMMA = YES;
				CLANG_WARN_CONSTANT_CONVERSION = YES;
				CLANG_WARN_DEPRECATED_OBJC_IMPLEMENTATIONS = YES;
				CLANG_WARN_DIRECT_OBJC_ISA_USAGE = YES_ERROR;
				CLANG_WARN_DOCUMENTATION_COMMENTS = YES;
				CLANG_WARN_EMPTY_BODY = YES;
				CLANG_WARN_ENUM_CONVERSION = YES;
				CLANG_WARN_INFINITE_RECURSION = YES;
				CLANG_WARN_INT_CONVERSION = YES;
				CLANG_WARN_NON_LITERAL_NULL_CONVERSION = YES;
				CLANG_WARN_OBJC_IMPLICIT_RETAIN_SELF = YES;
				CLANG_WARN_OBJC_LITERAL_CONVERSION = YES;
				CLANG_WARN_OBJC_ROOT_CLASS = YES_ERROR;
				CLANG_WARN_QUOTED_INCLUDE_IN_FRAMEWORK_HEADER = YES;
				CLANG_WARN_RANGE_LOOP_ANALYSIS = YES;
				CLANG_WARN_STRICT_PROTOTYPES = YES;
				CLANG_WARN_SUSPICIOUS_MOVE = YES;
				CLANG_WARN_UNGUARDED_AVAILABILITY = YES_AGGRESSIVE;
				CLANG_WARN_UNREACHABLE_CODE = YES;
				CLANG_WARN__DUPLICATE_METHOD_MATCH = YES;
				COPY_PHASE_STRIP = NO;
				DEBUG_INFORMATION_FORMAT = "dwarf-with-dsym";
				ENABLE_NS_ASSERTIONS = NO;
				ENABLE_STRICT_OBJC_MSGSEND = YES;
				GCC_C_LANGUAGE_STANDARD = gnu11;
				GCC_NO_COMMON_BLOCKS = YES;
				GCC_WARN_64_TO_32_BIT_CONVERSION = YES;
				GCC_WARN_ABOUT_RETURN_TYPE = YES_ERROR;
				GCC_WARN_UNDECLARED_SELECTOR = YES;
				GCC_WARN_UNINITIALIZED_AUTOS = YES_AGGRESSIVE;
				GCC_WARN_UNUSED_FUNCTION = YES;
				GCC_WARN_UNUSED_VARIABLE = YES;
				IPHONEOS_DEPLOYMENT_TARGET = 14.5;
				MTL_ENABLE_DEBUG_INFO = NO;
				MTL_FAST_MATH = YES;
				SDKROOT = iphoneos;
				SWIFT_COMPILATION_MODE = wholemodule;
				SWIFT_OPTIMIZATION_LEVEL = "-O";
				VALIDATE_PRODUCT = YES;
			};
			name = Release;
		};
		22AF74C6269BA5F2007D9891 /* Debug */ = {
			isa = XCBuildConfiguration;
			buildSettings = {
				ASSETCATALOG_COMPILER_APPICON_NAME = AppIcon;
				ASSETCATALOG_COMPILER_GLOBAL_ACCENT_COLOR_NAME = AccentColor;
				CODE_SIGN_STYLE = Automatic;
				DEVELOPMENT_ASSET_PATHS = "\"PencilMarkRedux/Preview Content\"";
				DEVELOPMENT_TEAM = 949D776DFQ;
				ENABLE_PREVIEWS = YES;
				INFOPLIST_FILE = PencilMarkRedux/Info.plist;
				IPHONEOS_DEPLOYMENT_TARGET = 14.0;
				LD_RUNPATH_SEARCH_PATHS = (
					"$(inherited)",
					"@executable_path/Frameworks",
				);
				PRODUCT_BUNDLE_IDENTIFIER = "-.PencilMarkRedux";
				PRODUCT_NAME = "$(TARGET_NAME)";
				SWIFT_VERSION = 5.0;
				TARGETED_DEVICE_FAMILY = 2;
			};
			name = Debug;
		};
		22AF74C7269BA5F2007D9891 /* Release */ = {
			isa = XCBuildConfiguration;
			buildSettings = {
				ASSETCATALOG_COMPILER_APPICON_NAME = AppIcon;
				ASSETCATALOG_COMPILER_GLOBAL_ACCENT_COLOR_NAME = AccentColor;
				CODE_SIGN_STYLE = Automatic;
				DEVELOPMENT_ASSET_PATHS = "\"PencilMarkRedux/Preview Content\"";
				DEVELOPMENT_TEAM = 949D776DFQ;
				ENABLE_PREVIEWS = YES;
				INFOPLIST_FILE = PencilMarkRedux/Info.plist;
				IPHONEOS_DEPLOYMENT_TARGET = 14.0;
				LD_RUNPATH_SEARCH_PATHS = (
					"$(inherited)",
					"@executable_path/Frameworks",
				);
				PRODUCT_BUNDLE_IDENTIFIER = "-.PencilMarkRedux";
				PRODUCT_NAME = "$(TARGET_NAME)";
				SWIFT_VERSION = 5.0;
				TARGETED_DEVICE_FAMILY = 2;
			};
			name = Release;
		};
		22DA1416269DE06600D90EA7 /* Debug */ = {
			isa = XCBuildConfiguration;
			buildSettings = {
				BUNDLE_LOADER = "$(TEST_HOST)";
				CODE_SIGN_STYLE = Automatic;
				DEVELOPMENT_TEAM = 949D776DFQ;
				INFOPLIST_FILE = PencilMarkReduxTests/Info.plist;
				LD_RUNPATH_SEARCH_PATHS = (
					"$(inherited)",
					"@executable_path/Frameworks",
					"@loader_path/Frameworks",
				);
				PRODUCT_BUNDLE_IDENTIFIER = "-.PencilMarkReduxTests";
				PRODUCT_NAME = "$(TARGET_NAME)";
				SWIFT_VERSION = 5.0;
				TARGETED_DEVICE_FAMILY = "1,2";
				TEST_HOST = "$(BUILT_PRODUCTS_DIR)/PencilMarkRedux.app/PencilMarkRedux";
			};
			name = Debug;
		};
		22DA1417269DE06600D90EA7 /* Release */ = {
			isa = XCBuildConfiguration;
			buildSettings = {
				BUNDLE_LOADER = "$(TEST_HOST)";
				CODE_SIGN_STYLE = Automatic;
				DEVELOPMENT_TEAM = 949D776DFQ;
				INFOPLIST_FILE = PencilMarkReduxTests/Info.plist;
				LD_RUNPATH_SEARCH_PATHS = (
					"$(inherited)",
					"@executable_path/Frameworks",
					"@loader_path/Frameworks",
				);
				PRODUCT_BUNDLE_IDENTIFIER = "-.PencilMarkReduxTests";
				PRODUCT_NAME = "$(TARGET_NAME)";
				SWIFT_VERSION = 5.0;
				TARGETED_DEVICE_FAMILY = "1,2";
				TEST_HOST = "$(BUILT_PRODUCTS_DIR)/PencilMarkRedux.app/PencilMarkRedux";
			};
			name = Release;
		};
/* End XCBuildConfiguration section */

/* Begin XCConfigurationList section */
		22AF74B1269BA5F0007D9891 /* Build configuration list for PBXProject "PencilMarkRedux" */ = {
			isa = XCConfigurationList;
			buildConfigurations = (
				22AF74C3269BA5F2007D9891 /* Debug */,
				22AF74C4269BA5F2007D9891 /* Release */,
			);
			defaultConfigurationIsVisible = 0;
			defaultConfigurationName = Release;
		};
		22AF74C5269BA5F2007D9891 /* Build configuration list for PBXNativeTarget "PencilMarkRedux" */ = {
			isa = XCConfigurationList;
			buildConfigurations = (
				22AF74C6269BA5F2007D9891 /* Debug */,
				22AF74C7269BA5F2007D9891 /* Release */,
			);
			defaultConfigurationIsVisible = 0;
			defaultConfigurationName = Release;
		};
		22DA1415269DE06600D90EA7 /* Build configuration list for PBXNativeTarget "PencilMarkReduxTests" */ = {
			isa = XCConfigurationList;
			buildConfigurations = (
				22DA1416269DE06600D90EA7 /* Debug */,
				22DA1417269DE06600D90EA7 /* Release */,
			);
			defaultConfigurationIsVisible = 0;
			defaultConfigurationName = Release;
		};
/* End XCConfigurationList section */

/* Begin XCRemoteSwiftPackageReference section */
		2214E135269C8FD70046EF32 /* XCRemoteSwiftPackageReference "swift-collections" */ = {
			isa = XCRemoteSwiftPackageReference;
			repositoryURL = "https://github.com/apple/swift-collections";
			requirement = {
				kind = upToNextMajorVersion;
				minimumVersion = 0.0.4;
			};
		};
/* End XCRemoteSwiftPackageReference section */

/* Begin XCSwiftPackageProductDependency section */
		2214E136269C8FD70046EF32 /* OrderedCollections */ = {
			isa = XCSwiftPackageProductDependency;
			package = 2214E135269C8FD70046EF32 /* XCRemoteSwiftPackageReference "swift-collections" */;
			productName = OrderedCollections;
		};
/* End XCSwiftPackageProductDependency section */
	};
	rootObject = 22AF74AE269BA5F0007D9891 /* Project object */;
}
